// !$*UTF8*$!
{
	archiveVersion = 1;
	classes = {
	};
	objectVersion = 46;
	objects = {

/* Begin PBXBuildFile section */
		541058ED1E8E38A60079A20A /* dataobjectt.swift in Sources */ = {isa = PBXBuildFile; fileRef = 541058EC1E8E38A60079A20A /* dataobjectt.swift */; };
		541058EF1E8E399B0079A20A /* DataObject.swift in Sources */ = {isa = PBXBuildFile; fileRef = 541058EE1E8E399B0079A20A /* DataObject.swift */; };
		541058F31E8E42E40079A20A /* CommonDrugsTablecell.swift in Sources */ = {isa = PBXBuildFile; fileRef = 541058F11E8E42E40079A20A /* CommonDrugsTablecell.swift */; };
		541058F41E8E42E40079A20A /* CommonDrugsTablecell.xib in Resources */ = {isa = PBXBuildFile; fileRef = 541058F21E8E42E40079A20A /* CommonDrugsTablecell.xib */; };
		542ED7BA1E8BB3060002FD43 /* CalcMainVC.swift in Sources */ = {isa = PBXBuildFile; fileRef = 542ED7B91E8BB3060002FD43 /* CalcMainVC.swift */; };
		542ED7BC1E8BB9360002FD43 /* BMIvc.swift in Sources */ = {isa = PBXBuildFile; fileRef = 542ED7BB1E8BB9360002FD43 /* BMIvc.swift */; };
		542ED7BE1E8BB9B00002FD43 /* calculators.storyboard in Resources */ = {isa = PBXBuildFile; fileRef = 542ED7BD1E8BB9B00002FD43 /* calculators.storyboard */; };
		543480871E864ABC004D837F /* extensions.swift in Sources */ = {isa = PBXBuildFile; fileRef = 543480861E864ABC004D837F /* extensions.swift */; };
		5436971A1E8A4BA0001D80F4 /* HandbookCollectionViewCell.swift in Sources */ = {isa = PBXBuildFile; fileRef = 543697191E8A4BA0001D80F4 /* HandbookCollectionViewCell.swift */; };
		543BAE211E8A66E3009CC8E5 /* PDFManager.swift in Sources */ = {isa = PBXBuildFile; fileRef = 543BAE201E8A66E3009CC8E5 /* PDFManager.swift */; };
		5441624E1E9623E900003E0D /* Cabin-Bold.otf in Resources */ = {isa = PBXBuildFile; fileRef = 544162411E96231300003E0D /* Cabin-Bold.otf */; };
		5441624F1E9623E900003E0D /* Cabin-BoldItalic.otf in Resources */ = {isa = PBXBuildFile; fileRef = 544162421E96231300003E0D /* Cabin-BoldItalic.otf */; };
		544162501E9623E900003E0D /* Cabin-Italic.otf in Resources */ = {isa = PBXBuildFile; fileRef = 544162431E96231300003E0D /* Cabin-Italic.otf */; };
		544162511E9623E900003E0D /* Cabin-Medium.otf in Resources */ = {isa = PBXBuildFile; fileRef = 544162441E96231300003E0D /* Cabin-Medium.otf */; };
		544162521E9623E900003E0D /* Cabin-MediumItalic.otf in Resources */ = {isa = PBXBuildFile; fileRef = 544162451E96231300003E0D /* Cabin-MediumItalic.otf */; };
		544162531E9623E900003E0D /* Cabin-Regular.otf in Resources */ = {isa = PBXBuildFile; fileRef = 544162461E96231300003E0D /* Cabin-Regular.otf */; };
		544162541E9623E900003E0D /* Cabin-SemiBold.otf in Resources */ = {isa = PBXBuildFile; fileRef = 544162471E96231300003E0D /* Cabin-SemiBold.otf */; };
		544162551E9623E900003E0D /* Cabin-SemiBoldItalic.otf in Resources */ = {isa = PBXBuildFile; fileRef = 544162481E96231300003E0D /* Cabin-SemiBoldItalic.otf */; };
		544162561E9623E900003E0D /* CabinCondensed-Bold.ttf in Resources */ = {isa = PBXBuildFile; fileRef = 544162491E96231300003E0D /* CabinCondensed-Bold.ttf */; };
		544162571E9623E900003E0D /* CabinCondensed-Medium.ttf in Resources */ = {isa = PBXBuildFile; fileRef = 5441624A1E96231300003E0D /* CabinCondensed-Medium.ttf */; };
		544162581E9623E900003E0D /* CabinCondensed-Regular.ttf in Resources */ = {isa = PBXBuildFile; fileRef = 5441624B1E96231300003E0D /* CabinCondensed-Regular.ttf */; };
		544162591E9623E900003E0D /* CabinCondensed-SemiBold.ttf in Resources */ = {isa = PBXBuildFile; fileRef = 5441624C1E96231300003E0D /* CabinCondensed-SemiBold.ttf */; };
		5448347D1E8B8A1100CC1E09 /* HandbookTableViewCell.swift in Sources */ = {isa = PBXBuildFile; fileRef = 5448347C1E8B8A1100CC1E09 /* HandbookTableViewCell.swift */; };
		544C1BD41E91F42A00891D1F /* crisis.storyboard in Resources */ = {isa = PBXBuildFile; fileRef = 544C1BD31E91F42A00891D1F /* crisis.storyboard */; };
		544C1BD61E91F73E00891D1F /* crisisNavVC.swift in Sources */ = {isa = PBXBuildFile; fileRef = 544C1BD51E91F73E00891D1F /* crisisNavVC.swift */; };
		544C1BD81E92031300891D1F /* ContentManager.swift in Sources */ = {isa = PBXBuildFile; fileRef = 544C1BD71E92031300891D1F /* ContentManager.swift */; };
		544C1BDA1E92065B00891D1F /* CrisisContentModularVC.swift in Sources */ = {isa = PBXBuildFile; fileRef = 544C1BD91E92065B00891D1F /* CrisisContentModularVC.swift */; };
		544C1BDD1E92069200891D1F /* crisisContentCell.swift in Sources */ = {isa = PBXBuildFile; fileRef = 544C1BDC1E92069200891D1F /* crisisContentCell.swift */; };
		5450DE2C1E87D69D00EBBF55 /* A-01-Training_Programmes.pdf in Resources */ = {isa = PBXBuildFile; fileRef = 5450DDFD1E87D69D00EBBF55 /* A-01-Training_Programmes.pdf */; };
		5450DE2D1E87D69D00EBBF55 /* B-02-Guidelines_for_the_Provision_of_Anaesthesia_for_Paediatric_patients.pdf in Resources */ = {isa = PBXBuildFile; fileRef = 5450DDFE1E87D69D00EBBF55 /* B-02-Guidelines_for_the_Provision_of_Anaesthesia_for_Paediatric_patients.pdf */; };
		5450DE2E1E87D69D00EBBF55 /* B-03-Preoperative_preparation_and_induction_techniques.pdf in Resources */ = {isa = PBXBuildFile; fileRef = 5450DDFF1E87D69D00EBBF55 /* B-03-Preoperative_preparation_and_induction_techniques.pdf */; };
		5450DE2F1E87D69D00EBBF55 /* C-04-Preoperative_Evaluation.pdf in Resources */ = {isa = PBXBuildFile; fileRef = 5450DE001E87D69D00EBBF55 /* C-04-Preoperative_Evaluation.pdf */; };
		5450DE301E87D69D00EBBF55 /* C-05-Premedication.pdf in Resources */ = {isa = PBXBuildFile; fileRef = 5450DE011E87D69D00EBBF55 /* C-05-Premedication.pdf */; };
		5450DE311E87D69D00EBBF55 /* C-06-Common_Medical_Conditions.pdf in Resources */ = {isa = PBXBuildFile; fileRef = 5450DE021E87D69D00EBBF55 /* C-06-Common_Medical_Conditions.pdf */; };
		5450DE321E87D69D00EBBF55 /* C-07-Nausea_Vomitting.pdf in Resources */ = {isa = PBXBuildFile; fileRef = 5450DE031E87D69D00EBBF55 /* C-07-Nausea_Vomitting.pdf */; };
		5450DE331E87D69D00EBBF55 /* C-08-Emergence_delirium.pdf in Resources */ = {isa = PBXBuildFile; fileRef = 5450DE041E87D69D00EBBF55 /* C-08-Emergence_delirium.pdf */; };
		5450DE341E87D69D00EBBF55 /* C-09-Dental_Injury.pdf in Resources */ = {isa = PBXBuildFile; fileRef = 5450DE051E87D69D00EBBF55 /* C-09-Dental_Injury.pdf */; };
		5450DE351E87D69D00EBBF55 /* C-10-Equipment.pdf in Resources */ = {isa = PBXBuildFile; fileRef = 5450DE061E87D69D00EBBF55 /* C-10-Equipment.pdf */; };
		5450DE361E87D69D00EBBF55 /* D-11-Fluid_Guidelines_in_Children.pdf in Resources */ = {isa = PBXBuildFile; fileRef = 5450DE071E87D69D00EBBF55 /* D-11-Fluid_Guidelines_in_Children.pdf */; };
		5450DE371E87D69D00EBBF55 /* E-12-Neonatal_Anaesthesia_NICU.pdf in Resources */ = {isa = PBXBuildFile; fileRef = 5450DE081E87D69D00EBBF55 /* E-12-Neonatal_Anaesthesia_NICU.pdf */; };
		5450DE381E87D69D00EBBF55 /* F-13-Common_Cardiac_Conditions.pdf in Resources */ = {isa = PBXBuildFile; fileRef = 5450DE091E87D69D00EBBF55 /* F-13-Common_Cardiac_Conditions.pdf */; };
		5450DE391E87D69D00EBBF55 /* F-14-Paediatric_Cardiac_Anaesthesia.pdf in Resources */ = {isa = PBXBuildFile; fileRef = 5450DE0A1E87D69D00EBBF55 /* F-14-Paediatric_Cardiac_Anaesthesia.pdf */; };
		5450DE3A1E87D69D00EBBF55 /* F-15-Cardiac_Catheterization.pdf in Resources */ = {isa = PBXBuildFile; fileRef = 5450DE0B1E87D69D00EBBF55 /* F-15-Cardiac_Catheterization.pdf */; };
		5450DE3B1E87D69D00EBBF55 /* F-16-ROTEM_Algorithm.pdf in Resources */ = {isa = PBXBuildFile; fileRef = 5450DE0C1E87D69D00EBBF55 /* F-16-ROTEM_Algorithm.pdf */; };
		5450DE3C1E87D69D00EBBF55 /* F-17-Prophylaxis_for_Infective_Endocarditis.pdf in Resources */ = {isa = PBXBuildFile; fileRef = 5450DE0D1E87D69D00EBBF55 /* F-17-Prophylaxis_for_Infective_Endocarditis.pdf */; };
		5450DE3D1E87D69D00EBBF55 /* G-18-Diagnostic_Imaging.pdf in Resources */ = {isa = PBXBuildFile; fileRef = 5450DE0E1E87D69D00EBBF55 /* G-18-Diagnostic_Imaging.pdf */; };
		5450DE3E1E87D69D00EBBF55 /* H-19-Sedation_for_Oncology_Children.pdf in Resources */ = {isa = PBXBuildFile; fileRef = 5450DE0F1E87D69D00EBBF55 /* H-19-Sedation_for_Oncology_Children.pdf */; };
		5450DE3F1E87D69D00EBBF55 /* I-20-Regional_Anaesthesia_Workflow.pdf in Resources */ = {isa = PBXBuildFile; fileRef = 5450DE101E87D69D00EBBF55 /* I-20-Regional_Anaesthesia_Workflow.pdf */; };
		5450DE401E87D69D00EBBF55 /* I-21-Local_Anaesthetic_Toxicity.pdf in Resources */ = {isa = PBXBuildFile; fileRef = 5450DE111E87D69D00EBBF55 /* I-21-Local_Anaesthetic_Toxicity.pdf */; };
		5450DE411E87D69D00EBBF55 /* I-22-Peripheral_Nerve_Block.pdf in Resources */ = {isa = PBXBuildFile; fileRef = 5450DE121E87D69D00EBBF55 /* I-22-Peripheral_Nerve_Block.pdf */; };
		5450DE421E87D69D00EBBF55 /* I-23-Central_Neuraxial_Block.pdf in Resources */ = {isa = PBXBuildFile; fileRef = 5450DE131E87D69D00EBBF55 /* I-23-Central_Neuraxial_Block.pdf */; };
		5450DE431E87D69D00EBBF55 /* I-24-Ultrasound_Guided_Blocks.pdf in Resources */ = {isa = PBXBuildFile; fileRef = 5450DE141E87D69D00EBBF55 /* I-24-Ultrasound_Guided_Blocks.pdf */; };
		5450DE441E87D69D00EBBF55 /* I-25-Current_Trends.pdf in Resources */ = {isa = PBXBuildFile; fileRef = 5450DE151E87D69D00EBBF55 /* I-25-Current_Trends.pdf */; };
		5450DE451E87D69D00EBBF55 /* index.txt in Resources */ = {isa = PBXBuildFile; fileRef = 5450DE161E87D69D00EBBF55 /* index.txt */; };
		5450DE461E87D69D00EBBF55 /* J-26-Patient_Transport.pdf in Resources */ = {isa = PBXBuildFile; fileRef = 5450DE171E87D69D00EBBF55 /* J-26-Patient_Transport.pdf */; };
		5450DE471E87D69D00EBBF55 /* K-27-Antibiotics.pdf in Resources */ = {isa = PBXBuildFile; fileRef = 5450DE181E87D69D00EBBF55 /* K-27-Antibiotics.pdf */; };
		5450DE481E87D69D00EBBF55 /* K-28-Miscellaneous_Drugs.pdf in Resources */ = {isa = PBXBuildFile; fileRef = 5450DE191E87D69D00EBBF55 /* K-28-Miscellaneous_Drugs.pdf */; };
		5450DE491E87D69D00EBBF55 /* L-29-Transfusion_Guidelines.pdf in Resources */ = {isa = PBXBuildFile; fileRef = 5450DE1A1E87D69D00EBBF55 /* L-29-Transfusion_Guidelines.pdf */; };
		5450DE4A1E87D69D00EBBF55 /* L-30-Paediatric_Massive_Transfusion_Protocol.pdf in Resources */ = {isa = PBXBuildFile; fileRef = 5450DE1B1E87D69D00EBBF55 /* L-30-Paediatric_Massive_Transfusion_Protocol.pdf */; };
		5450DE4B1E87D69D00EBBF55 /* M-31-Laryngospasm.pdf in Resources */ = {isa = PBXBuildFile; fileRef = 5450DE1C1E87D69D00EBBF55 /* M-31-Laryngospasm.pdf */; };
		5450DE4C1E87D69D00EBBF55 /* M-32-Hypercyanotic_Tet_Spells.pdf in Resources */ = {isa = PBXBuildFile; fileRef = 5450DE1D1E87D69D00EBBF55 /* M-32-Hypercyanotic_Tet_Spells.pdf */; };
		5450DE4D1E87D69D00EBBF55 /* M-33-Post_Adenotonsillectomy_Bleeding.pdf in Resources */ = {isa = PBXBuildFile; fileRef = 5450DE1E1E87D69D00EBBF55 /* M-33-Post_Adenotonsillectomy_Bleeding.pdf */; };
		5450DE4E1E87D69D00EBBF55 /* M-34-Acute_Epiglottitis.pdf in Resources */ = {isa = PBXBuildFile; fileRef = 5450DE1F1E87D69D00EBBF55 /* M-34-Acute_Epiglottitis.pdf */; };
		5450DE4F1E87D69D00EBBF55 /* M-35-Suspected_Anaphylaxis.pdf in Resources */ = {isa = PBXBuildFile; fileRef = 5450DE201E87D69D00EBBF55 /* M-35-Suspected_Anaphylaxis.pdf */; };
		5450DE501E87D69D00EBBF55 /* M-36-Latex_Allergy.pdf in Resources */ = {isa = PBXBuildFile; fileRef = 5450DE211E87D69D00EBBF55 /* M-36-Latex_Allergy.pdf */; };
		5450DE511E87D69D00EBBF55 /* M-37-Malignant_Hyperthermia.pdf in Resources */ = {isa = PBXBuildFile; fileRef = 5450DE221E87D69D00EBBF55 /* M-37-Malignant_Hyperthermia.pdf */; };
		5450DE521E87D69D00EBBF55 /* M-38-Local_Anaesthetic_Toxicity.pdf in Resources */ = {isa = PBXBuildFile; fileRef = 5450DE231E87D69D00EBBF55 /* M-38-Local_Anaesthetic_Toxicity.pdf */; };
		5450DE531E87D69D00EBBF55 /* N-39-Advanced_Paediatric_Life_Support.pdf in Resources */ = {isa = PBXBuildFile; fileRef = 5450DE241E87D69D00EBBF55 /* N-39-Advanced_Paediatric_Life_Support.pdf */; };
		5450DE541E87D69D00EBBF55 /* O-40-Pain_in_Children.pdf in Resources */ = {isa = PBXBuildFile; fileRef = 5450DE251E87D69D00EBBF55 /* O-40-Pain_in_Children.pdf */; };
		5450DE551E87D69D00EBBF55 /* O-41-Children's_Pain_Service.pdf in Resources */ = {isa = PBXBuildFile; fileRef = 5450DE261E87D69D00EBBF55 /* O-41-Children's_Pain_Service.pdf */; };
		5450DE561E87D69D00EBBF55 /* O-42-Patient_Controlled_Analgesia.pdf in Resources */ = {isa = PBXBuildFile; fileRef = 5450DE271E87D69D00EBBF55 /* O-42-Patient_Controlled_Analgesia.pdf */; };
		5450DE571E87D69D00EBBF55 /* O-43-Epidurals.pdf in Resources */ = {isa = PBXBuildFile; fileRef = 5450DE281E87D69D00EBBF55 /* O-43-Epidurals.pdf */; };
		5450DE581E87D69D00EBBF55 /* O-44-Alternative_Modes_of_Analgesia.pdf in Resources */ = {isa = PBXBuildFile; fileRef = 5450DE291E87D69D00EBBF55 /* O-44-Alternative_Modes_of_Analgesia.pdf */; };
		5450DE591E87D69D00EBBF55 /* P-45-Chronic_Pain.pdf in Resources */ = {isa = PBXBuildFile; fileRef = 5450DE2A1E87D69D00EBBF55 /* P-45-Chronic_Pain.pdf */; };
		5450DE5A1E87D69D00EBBF55 /* Q-46-NORMAL_LABORATORY_DATA.pdf in Resources */ = {isa = PBXBuildFile; fileRef = 5450DE2B1E87D69D00EBBF55 /* Q-46-NORMAL_LABORATORY_DATA.pdf */; };
		5450DE5C1E87D86500EBBF55 /* tabControllerVC.swift in Sources */ = {isa = PBXBuildFile; fileRef = 5450DE5B1E87D86500EBBF55 /* tabControllerVC.swift */; };
		5450DE631E87D9A200EBBF55 /* NavVC.swift in Sources */ = {isa = PBXBuildFile; fileRef = 5450DE621E87D9A200EBBF55 /* NavVC.swift */; };
		546DBB8B1E8CDC6D00BAF26E /* BMIGraphManager.swift in Sources */ = {isa = PBXBuildFile; fileRef = 546DBB8A1E8CDC6D00BAF26E /* BMIGraphManager.swift */; };
		546DBB8D1E8CE22000BAF26E /* drugVC.swift in Sources */ = {isa = PBXBuildFile; fileRef = 546DBB8C1E8CE22000BAF26E /* drugVC.swift */; };
		546DBB901E8CF0A900BAF26E /* ScoliosisDrugCalculationsManager.swift in Sources */ = {isa = PBXBuildFile; fileRef = 546DBB8E1E8CF0A900BAF26E /* ScoliosisDrugCalculationsManager.swift */; };
		546DBB911E8CF0A900BAF26E /* ScoliosisDrugList.csv in Resources */ = {isa = PBXBuildFile; fileRef = 546DBB8F1E8CF0A900BAF26E /* ScoliosisDrugList.csv */; };
		546DBB941E8CF0B900BAF26E /* CardiacDrugCalculationsManager.swift in Sources */ = {isa = PBXBuildFile; fileRef = 546DBB921E8CF0B900BAF26E /* CardiacDrugCalculationsManager.swift */; };
		546DBB951E8CF0B900BAF26E /* CardiacDrugList.csv in Resources */ = {isa = PBXBuildFile; fileRef = 546DBB931E8CF0B900BAF26E /* CardiacDrugList.csv */; };
		546DBB991E8CF0C000BAF26E /* CommonDrugs.json in Resources */ = {isa = PBXBuildFile; fileRef = 546DBB971E8CF0C000BAF26E /* CommonDrugs.json */; };
		546DBB9C1E8CF0CB00BAF26E /* DrugCalculationsManager.swift in Sources */ = {isa = PBXBuildFile; fileRef = 546DBB9A1E8CF0CB00BAF26E /* DrugCalculationsManager.swift */; };
		546DBB9D1E8CF0CB00BAF26E /* DrugList.csv in Resources */ = {isa = PBXBuildFile; fileRef = 546DBB9B1E8CF0CB00BAF26E /* DrugList.csv */; };
		5480E23B1E8A22B200B62203 /* fontawesome-webfont.ttf in Resources */ = {isa = PBXBuildFile; fileRef = 5480E2391E8A20C400B62203 /* fontawesome-webfont.ttf */; };
		5480E23C1E8A22B200B62203 /* FontAwesome.otf in Resources */ = {isa = PBXBuildFile; fileRef = 5480E23A1E8A20C400B62203 /* FontAwesome.otf */; };
		54B7BA971E891F05005F1075 /* HandbookVC.swift in Sources */ = {isa = PBXBuildFile; fileRef = 54B7BA961E891F05005F1075 /* HandbookVC.swift */; };
		54C40F541E858F3B000E0CF8 /* AppDelegate.swift in Sources */ = {isa = PBXBuildFile; fileRef = 54C40F531E858F3B000E0CF8 /* AppDelegate.swift */; };
		54C40F591E858F3B000E0CF8 /* Main.storyboard in Resources */ = {isa = PBXBuildFile; fileRef = 54C40F571E858F3B000E0CF8 /* Main.storyboard */; };
		54C40F5B1E858F3B000E0CF8 /* Assets.xcassets in Resources */ = {isa = PBXBuildFile; fileRef = 54C40F5A1E858F3B000E0CF8 /* Assets.xcassets */; };
		54C40F5E1E858F3B000E0CF8 /* LaunchScreen.storyboard in Resources */ = {isa = PBXBuildFile; fileRef = 54C40F5C1E858F3B000E0CF8 /* LaunchScreen.storyboard */; };
		54C40F691E858F3C000E0CF8 /* KKH_Paediatrics_Anaesthesia_Handbook___swiftTests.swift in Sources */ = {isa = PBXBuildFile; fileRef = 54C40F681E858F3C000E0CF8 /* KKH_Paediatrics_Anaesthesia_Handbook___swiftTests.swift */; };
		54C40F741E858F3C000E0CF8 /* KKH_Paediatrics_Anaesthesia_Handbook___swiftUITests.swift in Sources */ = {isa = PBXBuildFile; fileRef = 54C40F731E858F3C000E0CF8 /* KKH_Paediatrics_Anaesthesia_Handbook___swiftUITests.swift */; };
		D4D18040E524C650C9590989 /* Pods_KKH_Paediatrics_Anaesthesia_Handbook___swift.framework in Frameworks */ = {isa = PBXBuildFile; fileRef = 5D5F7514846036D2A22E892A /* Pods_KKH_Paediatrics_Anaesthesia_Handbook___swift.framework */; };
		ECD583EA56C841E58A47E8E1 /* Pods_KKH_Paediatrics_Anaesthesia_Handbook___swiftTests.framework in Frameworks */ = {isa = PBXBuildFile; fileRef = 57AFA780F3FB74AFC900CFCF /* Pods_KKH_Paediatrics_Anaesthesia_Handbook___swiftTests.framework */; };
		F36A115E9B9682F4F03CC812 /* Pods_KKH_Paediatrics_Anaesthesia_Handbook___swiftUITests.framework in Frameworks */ = {isa = PBXBuildFile; fileRef = 2D2D53006FBC7597CC52C2CF /* Pods_KKH_Paediatrics_Anaesthesia_Handbook___swiftUITests.framework */; };
/* End PBXBuildFile section */

/* Begin PBXContainerItemProxy section */
		54C40F651E858F3C000E0CF8 /* PBXContainerItemProxy */ = {
			isa = PBXContainerItemProxy;
			containerPortal = 54C40F481E858F3B000E0CF8 /* Project object */;
			proxyType = 1;
			remoteGlobalIDString = 54C40F4F1E858F3B000E0CF8;
			remoteInfo = "KKH Paediatrics Anaesthesia Handbook - swift";
		};
		54C40F701E858F3C000E0CF8 /* PBXContainerItemProxy */ = {
			isa = PBXContainerItemProxy;
			containerPortal = 54C40F481E858F3B000E0CF8 /* Project object */;
			proxyType = 1;
			remoteGlobalIDString = 54C40F4F1E858F3B000E0CF8;
			remoteInfo = "KKH Paediatrics Anaesthesia Handbook - swift";
		};
/* End PBXContainerItemProxy section */

/* Begin PBXFileReference section */
		0B5581379DAC5BA194847E62 /* Pods-KKH Paediatrics Anaesthesia Handbook - swift.release.xcconfig */ = {isa = PBXFileReference; includeInIndex = 1; lastKnownFileType = text.xcconfig; name = "Pods-KKH Paediatrics Anaesthesia Handbook - swift.release.xcconfig"; path = "Pods/Target Support Files/Pods-KKH Paediatrics Anaesthesia Handbook - swift/Pods-KKH Paediatrics Anaesthesia Handbook - swift.release.xcconfig"; sourceTree = "<group>"; };
		2D2D53006FBC7597CC52C2CF /* Pods_KKH_Paediatrics_Anaesthesia_Handbook___swiftUITests.framework */ = {isa = PBXFileReference; explicitFileType = wrapper.framework; includeInIndex = 0; path = "Pods_KKH_Paediatrics_Anaesthesia_Handbook___swiftUITests.framework"; sourceTree = BUILT_PRODUCTS_DIR; };
		541058EC1E8E38A60079A20A /* dataobjectt.swift */ = {isa = PBXFileReference; fileEncoding = 4; lastKnownFileType = sourcecode.swift; path = dataobjectt.swift; sourceTree = "<group>"; };
		541058EE1E8E399B0079A20A /* DataObject.swift */ = {isa = PBXFileReference; fileEncoding = 4; lastKnownFileType = sourcecode.swift; path = DataObject.swift; sourceTree = "<group>"; };
		541058F11E8E42E40079A20A /* CommonDrugsTablecell.swift */ = {isa = PBXFileReference; fileEncoding = 4; lastKnownFileType = sourcecode.swift; path = CommonDrugsTablecell.swift; sourceTree = "<group>"; };
		541058F21E8E42E40079A20A /* CommonDrugsTablecell.xib */ = {isa = PBXFileReference; fileEncoding = 4; lastKnownFileType = file.xib; path = CommonDrugsTablecell.xib; sourceTree = "<group>"; };
		542ED7B91E8BB3060002FD43 /* CalcMainVC.swift */ = {isa = PBXFileReference; fileEncoding = 4; lastKnownFileType = sourcecode.swift; path = CalcMainVC.swift; sourceTree = "<group>"; };
		542ED7BB1E8BB9360002FD43 /* BMIvc.swift */ = {isa = PBXFileReference; fileEncoding = 4; lastKnownFileType = sourcecode.swift; path = BMIvc.swift; sourceTree = "<group>"; };
		542ED7BD1E8BB9B00002FD43 /* calculators.storyboard */ = {isa = PBXFileReference; fileEncoding = 4; lastKnownFileType = file.storyboard; path = calculators.storyboard; sourceTree = "<group>"; };
		543480861E864ABC004D837F /* extensions.swift */ = {isa = PBXFileReference; fileEncoding = 4; lastKnownFileType = sourcecode.swift; path = extensions.swift; sourceTree = "<group>"; };
		543697191E8A4BA0001D80F4 /* HandbookCollectionViewCell.swift */ = {isa = PBXFileReference; fileEncoding = 4; lastKnownFileType = sourcecode.swift; path = HandbookCollectionViewCell.swift; sourceTree = "<group>"; };
		543BAE201E8A66E3009CC8E5 /* PDFManager.swift */ = {isa = PBXFileReference; fileEncoding = 4; lastKnownFileType = sourcecode.swift; path = PDFManager.swift; sourceTree = "<group>"; };
		544162411E96231300003E0D /* Cabin-Bold.otf */ = {isa = PBXFileReference; lastKnownFileType = file; path = "Cabin-Bold.otf"; sourceTree = "<group>"; };
		544162421E96231300003E0D /* Cabin-BoldItalic.otf */ = {isa = PBXFileReference; lastKnownFileType = file; path = "Cabin-BoldItalic.otf"; sourceTree = "<group>"; };
		544162431E96231300003E0D /* Cabin-Italic.otf */ = {isa = PBXFileReference; lastKnownFileType = file; path = "Cabin-Italic.otf"; sourceTree = "<group>"; };
		544162441E96231300003E0D /* Cabin-Medium.otf */ = {isa = PBXFileReference; lastKnownFileType = file; path = "Cabin-Medium.otf"; sourceTree = "<group>"; };
		544162451E96231300003E0D /* Cabin-MediumItalic.otf */ = {isa = PBXFileReference; lastKnownFileType = file; path = "Cabin-MediumItalic.otf"; sourceTree = "<group>"; };
		544162461E96231300003E0D /* Cabin-Regular.otf */ = {isa = PBXFileReference; lastKnownFileType = file; path = "Cabin-Regular.otf"; sourceTree = "<group>"; };
		544162471E96231300003E0D /* Cabin-SemiBold.otf */ = {isa = PBXFileReference; lastKnownFileType = file; path = "Cabin-SemiBold.otf"; sourceTree = "<group>"; };
		544162481E96231300003E0D /* Cabin-SemiBoldItalic.otf */ = {isa = PBXFileReference; lastKnownFileType = file; path = "Cabin-SemiBoldItalic.otf"; sourceTree = "<group>"; };
		544162491E96231300003E0D /* CabinCondensed-Bold.ttf */ = {isa = PBXFileReference; lastKnownFileType = file; path = "CabinCondensed-Bold.ttf"; sourceTree = "<group>"; };
		5441624A1E96231300003E0D /* CabinCondensed-Medium.ttf */ = {isa = PBXFileReference; lastKnownFileType = file; path = "CabinCondensed-Medium.ttf"; sourceTree = "<group>"; };
		5441624B1E96231300003E0D /* CabinCondensed-Regular.ttf */ = {isa = PBXFileReference; lastKnownFileType = file; path = "CabinCondensed-Regular.ttf"; sourceTree = "<group>"; };
		5441624C1E96231300003E0D /* CabinCondensed-SemiBold.ttf */ = {isa = PBXFileReference; lastKnownFileType = file; path = "CabinCondensed-SemiBold.ttf"; sourceTree = "<group>"; };
		5448347C1E8B8A1100CC1E09 /* HandbookTableViewCell.swift */ = {isa = PBXFileReference; fileEncoding = 4; lastKnownFileType = sourcecode.swift; path = HandbookTableViewCell.swift; sourceTree = "<group>"; };
		544C1BD31E91F42A00891D1F /* crisis.storyboard */ = {isa = PBXFileReference; fileEncoding = 4; lastKnownFileType = file.storyboard; path = crisis.storyboard; sourceTree = "<group>"; };
		544C1BD51E91F73E00891D1F /* crisisNavVC.swift */ = {isa = PBXFileReference; fileEncoding = 4; lastKnownFileType = sourcecode.swift; path = crisisNavVC.swift; sourceTree = "<group>"; };
		544C1BD71E92031300891D1F /* ContentManager.swift */ = {isa = PBXFileReference; fileEncoding = 4; lastKnownFileType = sourcecode.swift; path = ContentManager.swift; sourceTree = "<group>"; };
		544C1BD91E92065B00891D1F /* CrisisContentModularVC.swift */ = {isa = PBXFileReference; fileEncoding = 4; lastKnownFileType = sourcecode.swift; path = CrisisContentModularVC.swift; sourceTree = "<group>"; };
		544C1BDC1E92069200891D1F /* crisisContentCell.swift */ = {isa = PBXFileReference; fileEncoding = 4; lastKnownFileType = sourcecode.swift; path = crisisContentCell.swift; sourceTree = "<group>"; };
		5450DDFD1E87D69D00EBBF55 /* A-01-Training_Programmes.pdf */ = {isa = PBXFileReference; lastKnownFileType = image.pdf; path = "A-01-Training_Programmes.pdf"; sourceTree = "<group>"; };
		5450DDFE1E87D69D00EBBF55 /* B-02-Guidelines_for_the_Provision_of_Anaesthesia_for_Paediatric_patients.pdf */ = {isa = PBXFileReference; lastKnownFileType = image.pdf; path = "B-02-Guidelines_for_the_Provision_of_Anaesthesia_for_Paediatric_patients.pdf"; sourceTree = "<group>"; };
		5450DDFF1E87D69D00EBBF55 /* B-03-Preoperative_preparation_and_induction_techniques.pdf */ = {isa = PBXFileReference; lastKnownFileType = image.pdf; path = "B-03-Preoperative_preparation_and_induction_techniques.pdf"; sourceTree = "<group>"; };
		5450DE001E87D69D00EBBF55 /* C-04-Preoperative_Evaluation.pdf */ = {isa = PBXFileReference; lastKnownFileType = image.pdf; path = "C-04-Preoperative_Evaluation.pdf"; sourceTree = "<group>"; };
		5450DE011E87D69D00EBBF55 /* C-05-Premedication.pdf */ = {isa = PBXFileReference; lastKnownFileType = image.pdf; path = "C-05-Premedication.pdf"; sourceTree = "<group>"; };
		5450DE021E87D69D00EBBF55 /* C-06-Common_Medical_Conditions.pdf */ = {isa = PBXFileReference; lastKnownFileType = image.pdf; path = "C-06-Common_Medical_Conditions.pdf"; sourceTree = "<group>"; };
		5450DE031E87D69D00EBBF55 /* C-07-Nausea_Vomitting.pdf */ = {isa = PBXFileReference; lastKnownFileType = image.pdf; path = "C-07-Nausea_Vomitting.pdf"; sourceTree = "<group>"; };
		5450DE041E87D69D00EBBF55 /* C-08-Emergence_delirium.pdf */ = {isa = PBXFileReference; lastKnownFileType = image.pdf; path = "C-08-Emergence_delirium.pdf"; sourceTree = "<group>"; };
		5450DE051E87D69D00EBBF55 /* C-09-Dental_Injury.pdf */ = {isa = PBXFileReference; lastKnownFileType = image.pdf; path = "C-09-Dental_Injury.pdf"; sourceTree = "<group>"; };
		5450DE061E87D69D00EBBF55 /* C-10-Equipment.pdf */ = {isa = PBXFileReference; lastKnownFileType = image.pdf; path = "C-10-Equipment.pdf"; sourceTree = "<group>"; };
		5450DE071E87D69D00EBBF55 /* D-11-Fluid_Guidelines_in_Children.pdf */ = {isa = PBXFileReference; lastKnownFileType = image.pdf; path = "D-11-Fluid_Guidelines_in_Children.pdf"; sourceTree = "<group>"; };
		5450DE081E87D69D00EBBF55 /* E-12-Neonatal_Anaesthesia_NICU.pdf */ = {isa = PBXFileReference; lastKnownFileType = image.pdf; path = "E-12-Neonatal_Anaesthesia_NICU.pdf"; sourceTree = "<group>"; };
		5450DE091E87D69D00EBBF55 /* F-13-Common_Cardiac_Conditions.pdf */ = {isa = PBXFileReference; lastKnownFileType = image.pdf; path = "F-13-Common_Cardiac_Conditions.pdf"; sourceTree = "<group>"; };
		5450DE0A1E87D69D00EBBF55 /* F-14-Paediatric_Cardiac_Anaesthesia.pdf */ = {isa = PBXFileReference; lastKnownFileType = image.pdf; path = "F-14-Paediatric_Cardiac_Anaesthesia.pdf"; sourceTree = "<group>"; };
		5450DE0B1E87D69D00EBBF55 /* F-15-Cardiac_Catheterization.pdf */ = {isa = PBXFileReference; lastKnownFileType = image.pdf; path = "F-15-Cardiac_Catheterization.pdf"; sourceTree = "<group>"; };
		5450DE0C1E87D69D00EBBF55 /* F-16-ROTEM_Algorithm.pdf */ = {isa = PBXFileReference; lastKnownFileType = image.pdf; path = "F-16-ROTEM_Algorithm.pdf"; sourceTree = "<group>"; };
		5450DE0D1E87D69D00EBBF55 /* F-17-Prophylaxis_for_Infective_Endocarditis.pdf */ = {isa = PBXFileReference; lastKnownFileType = image.pdf; path = "F-17-Prophylaxis_for_Infective_Endocarditis.pdf"; sourceTree = "<group>"; };
		5450DE0E1E87D69D00EBBF55 /* G-18-Diagnostic_Imaging.pdf */ = {isa = PBXFileReference; lastKnownFileType = image.pdf; path = "G-18-Diagnostic_Imaging.pdf"; sourceTree = "<group>"; };
		5450DE0F1E87D69D00EBBF55 /* H-19-Sedation_for_Oncology_Children.pdf */ = {isa = PBXFileReference; lastKnownFileType = image.pdf; path = "H-19-Sedation_for_Oncology_Children.pdf"; sourceTree = "<group>"; };
		5450DE101E87D69D00EBBF55 /* I-20-Regional_Anaesthesia_Workflow.pdf */ = {isa = PBXFileReference; lastKnownFileType = image.pdf; path = "I-20-Regional_Anaesthesia_Workflow.pdf"; sourceTree = "<group>"; };
		5450DE111E87D69D00EBBF55 /* I-21-Local_Anaesthetic_Toxicity.pdf */ = {isa = PBXFileReference; lastKnownFileType = image.pdf; path = "I-21-Local_Anaesthetic_Toxicity.pdf"; sourceTree = "<group>"; };
		5450DE121E87D69D00EBBF55 /* I-22-Peripheral_Nerve_Block.pdf */ = {isa = PBXFileReference; lastKnownFileType = image.pdf; path = "I-22-Peripheral_Nerve_Block.pdf"; sourceTree = "<group>"; };
		5450DE131E87D69D00EBBF55 /* I-23-Central_Neuraxial_Block.pdf */ = {isa = PBXFileReference; lastKnownFileType = image.pdf; path = "I-23-Central_Neuraxial_Block.pdf"; sourceTree = "<group>"; };
		5450DE141E87D69D00EBBF55 /* I-24-Ultrasound_Guided_Blocks.pdf */ = {isa = PBXFileReference; lastKnownFileType = image.pdf; path = "I-24-Ultrasound_Guided_Blocks.pdf"; sourceTree = "<group>"; };
		5450DE151E87D69D00EBBF55 /* I-25-Current_Trends.pdf */ = {isa = PBXFileReference; lastKnownFileType = image.pdf; path = "I-25-Current_Trends.pdf"; sourceTree = "<group>"; };
		5450DE161E87D69D00EBBF55 /* index.txt */ = {isa = PBXFileReference; fileEncoding = 4; lastKnownFileType = text; path = index.txt; sourceTree = "<group>"; };
		5450DE171E87D69D00EBBF55 /* J-26-Patient_Transport.pdf */ = {isa = PBXFileReference; lastKnownFileType = image.pdf; path = "J-26-Patient_Transport.pdf"; sourceTree = "<group>"; };
		5450DE181E87D69D00EBBF55 /* K-27-Antibiotics.pdf */ = {isa = PBXFileReference; lastKnownFileType = image.pdf; path = "K-27-Antibiotics.pdf"; sourceTree = "<group>"; };
		5450DE191E87D69D00EBBF55 /* K-28-Miscellaneous_Drugs.pdf */ = {isa = PBXFileReference; lastKnownFileType = image.pdf; path = "K-28-Miscellaneous_Drugs.pdf"; sourceTree = "<group>"; };
		5450DE1A1E87D69D00EBBF55 /* L-29-Transfusion_Guidelines.pdf */ = {isa = PBXFileReference; lastKnownFileType = image.pdf; path = "L-29-Transfusion_Guidelines.pdf"; sourceTree = "<group>"; };
		5450DE1B1E87D69D00EBBF55 /* L-30-Paediatric_Massive_Transfusion_Protocol.pdf */ = {isa = PBXFileReference; lastKnownFileType = image.pdf; path = "L-30-Paediatric_Massive_Transfusion_Protocol.pdf"; sourceTree = "<group>"; };
		5450DE1C1E87D69D00EBBF55 /* M-31-Laryngospasm.pdf */ = {isa = PBXFileReference; lastKnownFileType = image.pdf; path = "M-31-Laryngospasm.pdf"; sourceTree = "<group>"; };
		5450DE1D1E87D69D00EBBF55 /* M-32-Hypercyanotic_Tet_Spells.pdf */ = {isa = PBXFileReference; lastKnownFileType = image.pdf; path = "M-32-Hypercyanotic_Tet_Spells.pdf"; sourceTree = "<group>"; };
		5450DE1E1E87D69D00EBBF55 /* M-33-Post_Adenotonsillectomy_Bleeding.pdf */ = {isa = PBXFileReference; lastKnownFileType = image.pdf; path = "M-33-Post_Adenotonsillectomy_Bleeding.pdf"; sourceTree = "<group>"; };
		5450DE1F1E87D69D00EBBF55 /* M-34-Acute_Epiglottitis.pdf */ = {isa = PBXFileReference; lastKnownFileType = image.pdf; path = "M-34-Acute_Epiglottitis.pdf"; sourceTree = "<group>"; };
		5450DE201E87D69D00EBBF55 /* M-35-Suspected_Anaphylaxis.pdf */ = {isa = PBXFileReference; lastKnownFileType = image.pdf; path = "M-35-Suspected_Anaphylaxis.pdf"; sourceTree = "<group>"; };
		5450DE211E87D69D00EBBF55 /* M-36-Latex_Allergy.pdf */ = {isa = PBXFileReference; lastKnownFileType = image.pdf; path = "M-36-Latex_Allergy.pdf"; sourceTree = "<group>"; };
		5450DE221E87D69D00EBBF55 /* M-37-Malignant_Hyperthermia.pdf */ = {isa = PBXFileReference; lastKnownFileType = image.pdf; path = "M-37-Malignant_Hyperthermia.pdf"; sourceTree = "<group>"; };
		5450DE231E87D69D00EBBF55 /* M-38-Local_Anaesthetic_Toxicity.pdf */ = {isa = PBXFileReference; lastKnownFileType = image.pdf; path = "M-38-Local_Anaesthetic_Toxicity.pdf"; sourceTree = "<group>"; };
		5450DE241E87D69D00EBBF55 /* N-39-Advanced_Paediatric_Life_Support.pdf */ = {isa = PBXFileReference; lastKnownFileType = image.pdf; path = "N-39-Advanced_Paediatric_Life_Support.pdf"; sourceTree = "<group>"; };
		5450DE251E87D69D00EBBF55 /* O-40-Pain_in_Children.pdf */ = {isa = PBXFileReference; lastKnownFileType = image.pdf; path = "O-40-Pain_in_Children.pdf"; sourceTree = "<group>"; };
		5450DE261E87D69D00EBBF55 /* O-41-Children's_Pain_Service.pdf */ = {isa = PBXFileReference; lastKnownFileType = image.pdf; path = "O-41-Children's_Pain_Service.pdf"; sourceTree = "<group>"; };
		5450DE271E87D69D00EBBF55 /* O-42-Patient_Controlled_Analgesia.pdf */ = {isa = PBXFileReference; lastKnownFileType = image.pdf; path = "O-42-Patient_Controlled_Analgesia.pdf"; sourceTree = "<group>"; };
		5450DE281E87D69D00EBBF55 /* O-43-Epidurals.pdf */ = {isa = PBXFileReference; lastKnownFileType = image.pdf; path = "O-43-Epidurals.pdf"; sourceTree = "<group>"; };
		5450DE291E87D69D00EBBF55 /* O-44-Alternative_Modes_of_Analgesia.pdf */ = {isa = PBXFileReference; lastKnownFileType = image.pdf; path = "O-44-Alternative_Modes_of_Analgesia.pdf"; sourceTree = "<group>"; };
		5450DE2A1E87D69D00EBBF55 /* P-45-Chronic_Pain.pdf */ = {isa = PBXFileReference; lastKnownFileType = image.pdf; path = "P-45-Chronic_Pain.pdf"; sourceTree = "<group>"; };
		5450DE2B1E87D69D00EBBF55 /* Q-46-NORMAL_LABORATORY_DATA.pdf */ = {isa = PBXFileReference; lastKnownFileType = image.pdf; path = "Q-46-NORMAL_LABORATORY_DATA.pdf"; sourceTree = "<group>"; };
		5450DE5B1E87D86500EBBF55 /* tabControllerVC.swift */ = {isa = PBXFileReference; fileEncoding = 4; lastKnownFileType = sourcecode.swift; path = tabControllerVC.swift; sourceTree = "<group>"; };
		5450DE621E87D9A200EBBF55 /* NavVC.swift */ = {isa = PBXFileReference; fileEncoding = 4; lastKnownFileType = sourcecode.swift; path = NavVC.swift; sourceTree = "<group>"; };
		546DBB8A1E8CDC6D00BAF26E /* BMIGraphManager.swift */ = {isa = PBXFileReference; fileEncoding = 4; lastKnownFileType = sourcecode.swift; path = BMIGraphManager.swift; sourceTree = "<group>"; };
		546DBB8C1E8CE22000BAF26E /* drugVC.swift */ = {isa = PBXFileReference; fileEncoding = 4; lastKnownFileType = sourcecode.swift; path = drugVC.swift; sourceTree = "<group>"; };
		546DBB8E1E8CF0A900BAF26E /* ScoliosisDrugCalculationsManager.swift */ = {isa = PBXFileReference; fileEncoding = 4; lastKnownFileType = sourcecode.swift; path = ScoliosisDrugCalculationsManager.swift; sourceTree = "<group>"; };
		546DBB8F1E8CF0A900BAF26E /* ScoliosisDrugList.csv */ = {isa = PBXFileReference; fileEncoding = 4; lastKnownFileType = text; path = ScoliosisDrugList.csv; sourceTree = "<group>"; };
		546DBB921E8CF0B900BAF26E /* CardiacDrugCalculationsManager.swift */ = {isa = PBXFileReference; fileEncoding = 4; lastKnownFileType = sourcecode.swift; path = CardiacDrugCalculationsManager.swift; sourceTree = "<group>"; };
		546DBB931E8CF0B900BAF26E /* CardiacDrugList.csv */ = {isa = PBXFileReference; fileEncoding = 4; lastKnownFileType = text; path = CardiacDrugList.csv; sourceTree = "<group>"; };
		546DBB971E8CF0C000BAF26E /* CommonDrugs.json */ = {isa = PBXFileReference; fileEncoding = 4; lastKnownFileType = text.json; path = CommonDrugs.json; sourceTree = "<group>"; };
		546DBB9A1E8CF0CB00BAF26E /* DrugCalculationsManager.swift */ = {isa = PBXFileReference; fileEncoding = 4; lastKnownFileType = sourcecode.swift; path = DrugCalculationsManager.swift; sourceTree = "<group>"; };
		546DBB9B1E8CF0CB00BAF26E /* DrugList.csv */ = {isa = PBXFileReference; fileEncoding = 4; lastKnownFileType = text; path = DrugList.csv; sourceTree = "<group>"; };
		546DBBA11E8D06B700BAF26E /* KKH Paediatrics Anaesthesia Handbook - swift-Bridging-Header.h */ = {isa = PBXFileReference; lastKnownFileType = sourcecode.c.h; path = "KKH Paediatrics Anaesthesia Handbook - swift-Bridging-Header.h"; sourceTree = "<group>"; };
		5480E2391E8A20C400B62203 /* fontawesome-webfont.ttf */ = {isa = PBXFileReference; lastKnownFileType = file; path = "fontawesome-webfont.ttf"; sourceTree = "<group>"; };
		5480E23A1E8A20C400B62203 /* FontAwesome.otf */ = {isa = PBXFileReference; lastKnownFileType = file; path = FontAwesome.otf; sourceTree = "<group>"; };
		54B7BA961E891F05005F1075 /* HandbookVC.swift */ = {isa = PBXFileReference; fileEncoding = 4; lastKnownFileType = sourcecode.swift; name = HandbookVC.swift; path = PDFs/HandbookVC.swift; sourceTree = "<group>"; };
		54C40F501E858F3B000E0CF8 /* KKH Paediatrics Anaesthesia Handbook - swift.app */ = {isa = PBXFileReference; explicitFileType = wrapper.application; includeInIndex = 0; path = "KKH Paediatrics Anaesthesia Handbook - swift.app"; sourceTree = BUILT_PRODUCTS_DIR; };
		54C40F531E858F3B000E0CF8 /* AppDelegate.swift */ = {isa = PBXFileReference; lastKnownFileType = sourcecode.swift; path = AppDelegate.swift; sourceTree = "<group>"; };
		54C40F581E858F3B000E0CF8 /* Base */ = {isa = PBXFileReference; lastKnownFileType = file.storyboard; name = Base; path = Base.lproj/Main.storyboard; sourceTree = "<group>"; };
		54C40F5A1E858F3B000E0CF8 /* Assets.xcassets */ = {isa = PBXFileReference; lastKnownFileType = folder.assetcatalog; path = Assets.xcassets; sourceTree = "<group>"; };
		54C40F5D1E858F3B000E0CF8 /* Base */ = {isa = PBXFileReference; lastKnownFileType = file.storyboard; name = Base; path = Base.lproj/LaunchScreen.storyboard; sourceTree = "<group>"; };
		54C40F5F1E858F3B000E0CF8 /* Info.plist */ = {isa = PBXFileReference; lastKnownFileType = text.plist.xml; path = Info.plist; sourceTree = "<group>"; };
		54C40F641E858F3C000E0CF8 /* KKH Paediatrics Anaesthesia Handbook - swiftTests.xctest */ = {isa = PBXFileReference; explicitFileType = wrapper.cfbundle; includeInIndex = 0; path = "KKH Paediatrics Anaesthesia Handbook - swiftTests.xctest"; sourceTree = BUILT_PRODUCTS_DIR; };
		54C40F681E858F3C000E0CF8 /* KKH_Paediatrics_Anaesthesia_Handbook___swiftTests.swift */ = {isa = PBXFileReference; lastKnownFileType = sourcecode.swift; path = "KKH_Paediatrics_Anaesthesia_Handbook___swiftTests.swift"; sourceTree = "<group>"; };
		54C40F6A1E858F3C000E0CF8 /* Info.plist */ = {isa = PBXFileReference; lastKnownFileType = text.plist.xml; path = Info.plist; sourceTree = "<group>"; };
		54C40F6F1E858F3C000E0CF8 /* KKH Paediatrics Anaesthesia Handbook - swiftUITests.xctest */ = {isa = PBXFileReference; explicitFileType = wrapper.cfbundle; includeInIndex = 0; path = "KKH Paediatrics Anaesthesia Handbook - swiftUITests.xctest"; sourceTree = BUILT_PRODUCTS_DIR; };
		54C40F731E858F3C000E0CF8 /* KKH_Paediatrics_Anaesthesia_Handbook___swiftUITests.swift */ = {isa = PBXFileReference; lastKnownFileType = sourcecode.swift; path = "KKH_Paediatrics_Anaesthesia_Handbook___swiftUITests.swift"; sourceTree = "<group>"; };
		54C40F751E858F3C000E0CF8 /* Info.plist */ = {isa = PBXFileReference; lastKnownFileType = text.plist.xml; path = Info.plist; sourceTree = "<group>"; };
		57AFA780F3FB74AFC900CFCF /* Pods_KKH_Paediatrics_Anaesthesia_Handbook___swiftTests.framework */ = {isa = PBXFileReference; explicitFileType = wrapper.framework; includeInIndex = 0; path = "Pods_KKH_Paediatrics_Anaesthesia_Handbook___swiftTests.framework"; sourceTree = BUILT_PRODUCTS_DIR; };
		5D5F7514846036D2A22E892A /* Pods_KKH_Paediatrics_Anaesthesia_Handbook___swift.framework */ = {isa = PBXFileReference; explicitFileType = wrapper.framework; includeInIndex = 0; path = "Pods_KKH_Paediatrics_Anaesthesia_Handbook___swift.framework"; sourceTree = BUILT_PRODUCTS_DIR; };
		A9200EFF5538AEC0E458313D /* Pods-KKH Paediatrics Anaesthesia Handbook - swiftTests.debug.xcconfig */ = {isa = PBXFileReference; includeInIndex = 1; lastKnownFileType = text.xcconfig; name = "Pods-KKH Paediatrics Anaesthesia Handbook - swiftTests.debug.xcconfig"; path = "Pods/Target Support Files/Pods-KKH Paediatrics Anaesthesia Handbook - swiftTests/Pods-KKH Paediatrics Anaesthesia Handbook - swiftTests.debug.xcconfig"; sourceTree = "<group>"; };
		B35BF42A82E89A34A6A2DAE2 /* Pods-KKH Paediatrics Anaesthesia Handbook - swiftUITests.release.xcconfig */ = {isa = PBXFileReference; includeInIndex = 1; lastKnownFileType = text.xcconfig; name = "Pods-KKH Paediatrics Anaesthesia Handbook - swiftUITests.release.xcconfig"; path = "Pods/Target Support Files/Pods-KKH Paediatrics Anaesthesia Handbook - swiftUITests/Pods-KKH Paediatrics Anaesthesia Handbook - swiftUITests.release.xcconfig"; sourceTree = "<group>"; };
		DD2C05B77962373FE72784AB /* Pods-KKH Paediatrics Anaesthesia Handbook - swift.debug.xcconfig */ = {isa = PBXFileReference; includeInIndex = 1; lastKnownFileType = text.xcconfig; name = "Pods-KKH Paediatrics Anaesthesia Handbook - swift.debug.xcconfig"; path = "Pods/Target Support Files/Pods-KKH Paediatrics Anaesthesia Handbook - swift/Pods-KKH Paediatrics Anaesthesia Handbook - swift.debug.xcconfig"; sourceTree = "<group>"; };
		ED480969E177DB8034154FE2 /* Pods-KKH Paediatrics Anaesthesia Handbook - swiftTests.release.xcconfig */ = {isa = PBXFileReference; includeInIndex = 1; lastKnownFileType = text.xcconfig; name = "Pods-KKH Paediatrics Anaesthesia Handbook - swiftTests.release.xcconfig"; path = "Pods/Target Support Files/Pods-KKH Paediatrics Anaesthesia Handbook - swiftTests/Pods-KKH Paediatrics Anaesthesia Handbook - swiftTests.release.xcconfig"; sourceTree = "<group>"; };
		F2EACCEEEB5C92C737632F2C /* Pods-KKH Paediatrics Anaesthesia Handbook - swiftUITests.debug.xcconfig */ = {isa = PBXFileReference; includeInIndex = 1; lastKnownFileType = text.xcconfig; name = "Pods-KKH Paediatrics Anaesthesia Handbook - swiftUITests.debug.xcconfig"; path = "Pods/Target Support Files/Pods-KKH Paediatrics Anaesthesia Handbook - swiftUITests/Pods-KKH Paediatrics Anaesthesia Handbook - swiftUITests.debug.xcconfig"; sourceTree = "<group>"; };
/* End PBXFileReference section */

/* Begin PBXFrameworksBuildPhase section */
		54C40F4D1E858F3B000E0CF8 /* Frameworks */ = {
			isa = PBXFrameworksBuildPhase;
			buildActionMask = 2147483647;
			files = (
				D4D18040E524C650C9590989 /* Pods_KKH_Paediatrics_Anaesthesia_Handbook___swift.framework in Frameworks */,
			);
			runOnlyForDeploymentPostprocessing = 0;
		};
		54C40F611E858F3C000E0CF8 /* Frameworks */ = {
			isa = PBXFrameworksBuildPhase;
			buildActionMask = 2147483647;
			files = (
				ECD583EA56C841E58A47E8E1 /* Pods_KKH_Paediatrics_Anaesthesia_Handbook___swiftTests.framework in Frameworks */,
			);
			runOnlyForDeploymentPostprocessing = 0;
		};
		54C40F6C1E858F3C000E0CF8 /* Frameworks */ = {
			isa = PBXFrameworksBuildPhase;
			buildActionMask = 2147483647;
			files = (
				F36A115E9B9682F4F03CC812 /* Pods_KKH_Paediatrics_Anaesthesia_Handbook___swiftUITests.framework in Frameworks */,
			);
			runOnlyForDeploymentPostprocessing = 0;
		};
/* End PBXFrameworksBuildPhase section */

/* Begin PBXGroup section */
		541058F01E8E39CB0079A20A /* treeView data */ = {
			isa = PBXGroup;
			children = (
				541058EC1E8E38A60079A20A /* dataobjectt.swift */,
				541058EE1E8E399B0079A20A /* DataObject.swift */,
				541058F11E8E42E40079A20A /* CommonDrugsTablecell.swift */,
				541058F21E8E42E40079A20A /* CommonDrugsTablecell.xib */,
			);
			name = "treeView data";
			sourceTree = "<group>";
		};
		542ED7B81E8BB2EA0002FD43 /* calculators */ = {
			isa = PBXGroup;
			children = (
				546DBBA01E8CFA5900BAF26E /* no touch :( */,
				546DBB9A1E8CF0CB00BAF26E /* DrugCalculationsManager.swift */,
				546DBB921E8CF0B900BAF26E /* CardiacDrugCalculationsManager.swift */,
				546DBB8E1E8CF0A900BAF26E /* ScoliosisDrugCalculationsManager.swift */,
				542ED7BD1E8BB9B00002FD43 /* calculators.storyboard */,
				546DBB8A1E8CDC6D00BAF26E /* BMIGraphManager.swift */,
				542ED7B91E8BB3060002FD43 /* CalcMainVC.swift */,
				542ED7BB1E8BB9360002FD43 /* BMIvc.swift */,
				546DBB8C1E8CE22000BAF26E /* drugVC.swift */,
				546DBBA11E8D06B700BAF26E /* KKH Paediatrics Anaesthesia Handbook - swift-Bridging-Header.h */,
				541058F01E8E39CB0079A20A /* treeView data */,
			);
			name = calculators;
			sourceTree = "<group>";
		};
		543697181E8A4B88001D80F4 /* handbooks */ = {
			isa = PBXGroup;
			children = (
				5450DDFC1E87D69D00EBBF55 /* PDFs */,
				543BAE201E8A66E3009CC8E5 /* PDFManager.swift */,
				54B7BA961E891F05005F1075 /* HandbookVC.swift */,
				543697191E8A4BA0001D80F4 /* HandbookCollectionViewCell.swift */,
				5448347C1E8B8A1100CC1E09 /* HandbookTableViewCell.swift */,
			);
			name = handbooks;
			sourceTree = "<group>";
		};
		5441624D1E96231900003E0D /* Font */ = {
			isa = PBXGroup;
			children = (
				5480E2391E8A20C400B62203 /* fontawesome-webfont.ttf */,
				5480E23A1E8A20C400B62203 /* FontAwesome.otf */,
				544162411E96231300003E0D /* Cabin-Bold.otf */,
				544162421E96231300003E0D /* Cabin-BoldItalic.otf */,
				544162431E96231300003E0D /* Cabin-Italic.otf */,
				544162441E96231300003E0D /* Cabin-Medium.otf */,
				544162451E96231300003E0D /* Cabin-MediumItalic.otf */,
				544162461E96231300003E0D /* Cabin-Regular.otf */,
				544162471E96231300003E0D /* Cabin-SemiBold.otf */,
				544162481E96231300003E0D /* Cabin-SemiBoldItalic.otf */,
				544162491E96231300003E0D /* CabinCondensed-Bold.ttf */,
				5441624A1E96231300003E0D /* CabinCondensed-Medium.ttf */,
				5441624B1E96231300003E0D /* CabinCondensed-Regular.ttf */,
				5441624C1E96231300003E0D /* CabinCondensed-SemiBold.ttf */,
			);
			name = Font;
			sourceTree = "<group>";
		};
		544C1BD21E91F41300891D1F /* Crisis */ = {
			isa = PBXGroup;
			children = (
				544C1BD71E92031300891D1F /* ContentManager.swift */,
				544C1BD31E91F42A00891D1F /* crisis.storyboard */,
				544C1BD51E91F73E00891D1F /* crisisNavVC.swift */,
				544C1BDB1E92067000891D1F /* content reusables */,
			);
			name = Crisis;
			sourceTree = "<group>";
		};
		544C1BDB1E92067000891D1F /* content reusables */ = {
			isa = PBXGroup;
			children = (
				544C1BD91E92065B00891D1F /* CrisisContentModularVC.swift */,
				544C1BDC1E92069200891D1F /* crisisContentCell.swift */,
			);
			name = "content reusables";
			sourceTree = "<group>";
		};
		5450DDFC1E87D69D00EBBF55 /* PDFs */ = {
			isa = PBXGroup;
			children = (
				5450DE161E87D69D00EBBF55 /* index.txt */,
				5450DDFD1E87D69D00EBBF55 /* A-01-Training_Programmes.pdf */,
				5450DDFE1E87D69D00EBBF55 /* B-02-Guidelines_for_the_Provision_of_Anaesthesia_for_Paediatric_patients.pdf */,
				5450DDFF1E87D69D00EBBF55 /* B-03-Preoperative_preparation_and_induction_techniques.pdf */,
				5450DE001E87D69D00EBBF55 /* C-04-Preoperative_Evaluation.pdf */,
				5450DE011E87D69D00EBBF55 /* C-05-Premedication.pdf */,
				5450DE021E87D69D00EBBF55 /* C-06-Common_Medical_Conditions.pdf */,
				5450DE031E87D69D00EBBF55 /* C-07-Nausea_Vomitting.pdf */,
				5450DE041E87D69D00EBBF55 /* C-08-Emergence_delirium.pdf */,
				5450DE051E87D69D00EBBF55 /* C-09-Dental_Injury.pdf */,
				5450DE061E87D69D00EBBF55 /* C-10-Equipment.pdf */,
				5450DE071E87D69D00EBBF55 /* D-11-Fluid_Guidelines_in_Children.pdf */,
				5450DE081E87D69D00EBBF55 /* E-12-Neonatal_Anaesthesia_NICU.pdf */,
				5450DE091E87D69D00EBBF55 /* F-13-Common_Cardiac_Conditions.pdf */,
				5450DE0A1E87D69D00EBBF55 /* F-14-Paediatric_Cardiac_Anaesthesia.pdf */,
				5450DE0B1E87D69D00EBBF55 /* F-15-Cardiac_Catheterization.pdf */,
				5450DE0C1E87D69D00EBBF55 /* F-16-ROTEM_Algorithm.pdf */,
				5450DE0D1E87D69D00EBBF55 /* F-17-Prophylaxis_for_Infective_Endocarditis.pdf */,
				5450DE0E1E87D69D00EBBF55 /* G-18-Diagnostic_Imaging.pdf */,
				5450DE0F1E87D69D00EBBF55 /* H-19-Sedation_for_Oncology_Children.pdf */,
				5450DE101E87D69D00EBBF55 /* I-20-Regional_Anaesthesia_Workflow.pdf */,
				5450DE111E87D69D00EBBF55 /* I-21-Local_Anaesthetic_Toxicity.pdf */,
				5450DE121E87D69D00EBBF55 /* I-22-Peripheral_Nerve_Block.pdf */,
				5450DE131E87D69D00EBBF55 /* I-23-Central_Neuraxial_Block.pdf */,
				5450DE141E87D69D00EBBF55 /* I-24-Ultrasound_Guided_Blocks.pdf */,
				5450DE151E87D69D00EBBF55 /* I-25-Current_Trends.pdf */,
				5450DE171E87D69D00EBBF55 /* J-26-Patient_Transport.pdf */,
				5450DE181E87D69D00EBBF55 /* K-27-Antibiotics.pdf */,
				5450DE191E87D69D00EBBF55 /* K-28-Miscellaneous_Drugs.pdf */,
				5450DE1A1E87D69D00EBBF55 /* L-29-Transfusion_Guidelines.pdf */,
				5450DE1B1E87D69D00EBBF55 /* L-30-Paediatric_Massive_Transfusion_Protocol.pdf */,
				5450DE1C1E87D69D00EBBF55 /* M-31-Laryngospasm.pdf */,
				5450DE1D1E87D69D00EBBF55 /* M-32-Hypercyanotic_Tet_Spells.pdf */,
				5450DE1E1E87D69D00EBBF55 /* M-33-Post_Adenotonsillectomy_Bleeding.pdf */,
				5450DE1F1E87D69D00EBBF55 /* M-34-Acute_Epiglottitis.pdf */,
				5450DE201E87D69D00EBBF55 /* M-35-Suspected_Anaphylaxis.pdf */,
				5450DE211E87D69D00EBBF55 /* M-36-Latex_Allergy.pdf */,
				5450DE221E87D69D00EBBF55 /* M-37-Malignant_Hyperthermia.pdf */,
				5450DE231E87D69D00EBBF55 /* M-38-Local_Anaesthetic_Toxicity.pdf */,
				5450DE241E87D69D00EBBF55 /* N-39-Advanced_Paediatric_Life_Support.pdf */,
				5450DE251E87D69D00EBBF55 /* O-40-Pain_in_Children.pdf */,
				5450DE261E87D69D00EBBF55 /* O-41-Children's_Pain_Service.pdf */,
				5450DE271E87D69D00EBBF55 /* O-42-Patient_Controlled_Analgesia.pdf */,
				5450DE281E87D69D00EBBF55 /* O-43-Epidurals.pdf */,
				5450DE291E87D69D00EBBF55 /* O-44-Alternative_Modes_of_Analgesia.pdf */,
				5450DE2A1E87D69D00EBBF55 /* P-45-Chronic_Pain.pdf */,
				5450DE2B1E87D69D00EBBF55 /* Q-46-NORMAL_LABORATORY_DATA.pdf */,
				5450DE5B1E87D86500EBBF55 /* tabControllerVC.swift */,
				5450DE621E87D9A200EBBF55 /* NavVC.swift */,
			);
			path = PDFs;
			sourceTree = "<group>";
		};
		546DBBA01E8CFA5900BAF26E /* no touch :( */ = {
			isa = PBXGroup;
			children = (
				546DBB9B1E8CF0CB00BAF26E /* DrugList.csv */,
				546DBB971E8CF0C000BAF26E /* CommonDrugs.json */,
				546DBB931E8CF0B900BAF26E /* CardiacDrugList.csv */,
				546DBB8F1E8CF0A900BAF26E /* ScoliosisDrugList.csv */,
			);
			name = "no touch :(";
			sourceTree = "<group>";
		};
		54C40F471E858F3B000E0CF8 = {
			isa = PBXGroup;
			children = (
				54C40F521E858F3B000E0CF8 /* KKH Paediatrics Anaesthesia Handbook - swift */,
				54C40F671E858F3C000E0CF8 /* KKH Paediatrics Anaesthesia Handbook - swiftTests */,
				54C40F721E858F3C000E0CF8 /* KKH Paediatrics Anaesthesia Handbook - swiftUITests */,
				54C40F511E858F3B000E0CF8 /* Products */,
				698A97CC9E503537AB6C4CEE /* Pods */,
				71173154A19A917117395D10 /* Frameworks */,
			);
			sourceTree = "<group>";
		};
		54C40F511E858F3B000E0CF8 /* Products */ = {
			isa = PBXGroup;
			children = (
				54C40F501E858F3B000E0CF8 /* KKH Paediatrics Anaesthesia Handbook - swift.app */,
				54C40F641E858F3C000E0CF8 /* KKH Paediatrics Anaesthesia Handbook - swiftTests.xctest */,
				54C40F6F1E858F3C000E0CF8 /* KKH Paediatrics Anaesthesia Handbook - swiftUITests.xctest */,
			);
			name = Products;
			sourceTree = "<group>";
		};
		54C40F521E858F3B000E0CF8 /* KKH Paediatrics Anaesthesia Handbook - swift */ = {
			isa = PBXGroup;
			children = (
				5441624D1E96231900003E0D /* Font */,
				54C40F531E858F3B000E0CF8 /* AppDelegate.swift */,
				543697181E8A4B88001D80F4 /* handbooks */,
				542ED7B81E8BB2EA0002FD43 /* calculators */,
				544C1BD21E91F41300891D1F /* Crisis */,
				54C40F571E858F3B000E0CF8 /* Main.storyboard */,
				54C40F5A1E858F3B000E0CF8 /* Assets.xcassets */,
				54C40F5C1E858F3B000E0CF8 /* LaunchScreen.storyboard */,
				54C40F5F1E858F3B000E0CF8 /* Info.plist */,
				543480861E864ABC004D837F /* extensions.swift */,
			);
			path = "KKH Paediatrics Anaesthesia Handbook - swift";
			sourceTree = "<group>";
		};
		54C40F671E858F3C000E0CF8 /* KKH Paediatrics Anaesthesia Handbook - swiftTests */ = {
			isa = PBXGroup;
			children = (
				54C40F681E858F3C000E0CF8 /* KKH_Paediatrics_Anaesthesia_Handbook___swiftTests.swift */,
				54C40F6A1E858F3C000E0CF8 /* Info.plist */,
			);
			path = "KKH Paediatrics Anaesthesia Handbook - swiftTests";
			sourceTree = "<group>";
		};
		54C40F721E858F3C000E0CF8 /* KKH Paediatrics Anaesthesia Handbook - swiftUITests */ = {
			isa = PBXGroup;
			children = (
				54C40F731E858F3C000E0CF8 /* KKH_Paediatrics_Anaesthesia_Handbook___swiftUITests.swift */,
				54C40F751E858F3C000E0CF8 /* Info.plist */,
			);
			path = "KKH Paediatrics Anaesthesia Handbook - swiftUITests";
			sourceTree = "<group>";
		};
		698A97CC9E503537AB6C4CEE /* Pods */ = {
			isa = PBXGroup;
			children = (
				DD2C05B77962373FE72784AB /* Pods-KKH Paediatrics Anaesthesia Handbook - swift.debug.xcconfig */,
				0B5581379DAC5BA194847E62 /* Pods-KKH Paediatrics Anaesthesia Handbook - swift.release.xcconfig */,
				A9200EFF5538AEC0E458313D /* Pods-KKH Paediatrics Anaesthesia Handbook - swiftTests.debug.xcconfig */,
				ED480969E177DB8034154FE2 /* Pods-KKH Paediatrics Anaesthesia Handbook - swiftTests.release.xcconfig */,
				F2EACCEEEB5C92C737632F2C /* Pods-KKH Paediatrics Anaesthesia Handbook - swiftUITests.debug.xcconfig */,
				B35BF42A82E89A34A6A2DAE2 /* Pods-KKH Paediatrics Anaesthesia Handbook - swiftUITests.release.xcconfig */,
			);
			name = Pods;
			sourceTree = "<group>";
		};
		71173154A19A917117395D10 /* Frameworks */ = {
			isa = PBXGroup;
			children = (
				5D5F7514846036D2A22E892A /* Pods_KKH_Paediatrics_Anaesthesia_Handbook___swift.framework */,
				57AFA780F3FB74AFC900CFCF /* Pods_KKH_Paediatrics_Anaesthesia_Handbook___swiftTests.framework */,
				2D2D53006FBC7597CC52C2CF /* Pods_KKH_Paediatrics_Anaesthesia_Handbook___swiftUITests.framework */,
			);
			name = Frameworks;
			sourceTree = "<group>";
		};
/* End PBXGroup section */

/* Begin PBXNativeTarget section */
		54C40F4F1E858F3B000E0CF8 /* KKH Paediatrics Anaesthesia Handbook - swift */ = {
			isa = PBXNativeTarget;
			buildConfigurationList = 54C40F781E858F3C000E0CF8 /* Build configuration list for PBXNativeTarget "KKH Paediatrics Anaesthesia Handbook - swift" */;
			buildPhases = (
				7F32D84E99BAC637913B6853 /* [CP] Check Pods Manifest.lock */,
				54C40F4C1E858F3B000E0CF8 /* Sources */,
				54C40F4D1E858F3B000E0CF8 /* Frameworks */,
				54C40F4E1E858F3B000E0CF8 /* Resources */,
				BE3083E12330B5E678B2C640 /* [CP] Embed Pods Frameworks */,
				B897C2AD5BCFDC56A4969D0B /* [CP] Copy Pods Resources */,
			);
			buildRules = (
			);
			dependencies = (
			);
			name = "KKH Paediatrics Anaesthesia Handbook - swift";
			productName = "KKH Paediatrics Anaesthesia Handbook - swift";
			productReference = 54C40F501E858F3B000E0CF8 /* KKH Paediatrics Anaesthesia Handbook - swift.app */;
			productType = "com.apple.product-type.application";
		};
		54C40F631E858F3C000E0CF8 /* KKH Paediatrics Anaesthesia Handbook - swiftTests */ = {
			isa = PBXNativeTarget;
			buildConfigurationList = 54C40F7B1E858F3C000E0CF8 /* Build configuration list for PBXNativeTarget "KKH Paediatrics Anaesthesia Handbook - swiftTests" */;
			buildPhases = (
				7A36708941943FB078CCB2CA /* [CP] Check Pods Manifest.lock */,
				54C40F601E858F3C000E0CF8 /* Sources */,
				54C40F611E858F3C000E0CF8 /* Frameworks */,
				54C40F621E858F3C000E0CF8 /* Resources */,
				05A7FAF88D0094928F4306A0 /* [CP] Embed Pods Frameworks */,
				AA9A01B054B1F2D95737D155 /* [CP] Copy Pods Resources */,
			);
			buildRules = (
			);
			dependencies = (
				54C40F661E858F3C000E0CF8 /* PBXTargetDependency */,
			);
			name = "KKH Paediatrics Anaesthesia Handbook - swiftTests";
			productName = "KKH Paediatrics Anaesthesia Handbook - swiftTests";
			productReference = 54C40F641E858F3C000E0CF8 /* KKH Paediatrics Anaesthesia Handbook - swiftTests.xctest */;
			productType = "com.apple.product-type.bundle.unit-test";
		};
		54C40F6E1E858F3C000E0CF8 /* KKH Paediatrics Anaesthesia Handbook - swiftUITests */ = {
			isa = PBXNativeTarget;
			buildConfigurationList = 54C40F7E1E858F3C000E0CF8 /* Build configuration list for PBXNativeTarget "KKH Paediatrics Anaesthesia Handbook - swiftUITests" */;
			buildPhases = (
				6C864E2DF4835711B2B1DB11 /* [CP] Check Pods Manifest.lock */,
				54C40F6B1E858F3C000E0CF8 /* Sources */,
				54C40F6C1E858F3C000E0CF8 /* Frameworks */,
				54C40F6D1E858F3C000E0CF8 /* Resources */,
				58B9E48DA047258D12117058 /* [CP] Embed Pods Frameworks */,
				A3045C938F6D6A7FEE90E340 /* [CP] Copy Pods Resources */,
			);
			buildRules = (
			);
			dependencies = (
				54C40F711E858F3C000E0CF8 /* PBXTargetDependency */,
			);
			name = "KKH Paediatrics Anaesthesia Handbook - swiftUITests";
			productName = "KKH Paediatrics Anaesthesia Handbook - swiftUITests";
			productReference = 54C40F6F1E858F3C000E0CF8 /* KKH Paediatrics Anaesthesia Handbook - swiftUITests.xctest */;
			productType = "com.apple.product-type.bundle.ui-testing";
		};
/* End PBXNativeTarget section */

/* Begin PBXProject section */
		54C40F481E858F3B000E0CF8 /* Project object */ = {
			isa = PBXProject;
			attributes = {
				LastSwiftUpdateCheck = 0820;
				LastUpgradeCheck = 0820;
				ORGANIZATIONNAME = "SST inc.";
				TargetAttributes = {
					54C40F4F1E858F3B000E0CF8 = {
						CreatedOnToolsVersion = 8.2.1;
						DevelopmentTeam = 7K6ZTDFM48;
						LastSwiftMigration = 0830;
						ProvisioningStyle = Automatic;
					};
					54C40F631E858F3C000E0CF8 = {
						CreatedOnToolsVersion = 8.2.1;
						DevelopmentTeam = 7K6ZTDFM48;
						ProvisioningStyle = Automatic;
						TestTargetID = 54C40F4F1E858F3B000E0CF8;
					};
					54C40F6E1E858F3C000E0CF8 = {
						CreatedOnToolsVersion = 8.2.1;
						DevelopmentTeam = 7K6ZTDFM48;
						ProvisioningStyle = Automatic;
						TestTargetID = 54C40F4F1E858F3B000E0CF8;
					};
				};
			};
			buildConfigurationList = 54C40F4B1E858F3B000E0CF8 /* Build configuration list for PBXProject "KKH Paediatrics Anaesthesia Handbook - swift" */;
			compatibilityVersion = "Xcode 3.2";
			developmentRegion = English;
			hasScannedForEncodings = 0;
			knownRegions = (
				en,
				Base,
			);
			mainGroup = 54C40F471E858F3B000E0CF8;
			productRefGroup = 54C40F511E858F3B000E0CF8 /* Products */;
			projectDirPath = "";
			projectRoot = "";
			targets = (
				54C40F4F1E858F3B000E0CF8 /* KKH Paediatrics Anaesthesia Handbook - swift */,
				54C40F631E858F3C000E0CF8 /* KKH Paediatrics Anaesthesia Handbook - swiftTests */,
				54C40F6E1E858F3C000E0CF8 /* KKH Paediatrics Anaesthesia Handbook - swiftUITests */,
			);
		};
/* End PBXProject section */

/* Begin PBXResourcesBuildPhase section */
		54C40F4E1E858F3B000E0CF8 /* Resources */ = {
			isa = PBXResourcesBuildPhase;
			buildActionMask = 2147483647;
			files = (
				5441624E1E9623E900003E0D /* Cabin-Bold.otf in Resources */,
				5441624F1E9623E900003E0D /* Cabin-BoldItalic.otf in Resources */,
				544162501E9623E900003E0D /* Cabin-Italic.otf in Resources */,
				544162511E9623E900003E0D /* Cabin-Medium.otf in Resources */,
				544162521E9623E900003E0D /* Cabin-MediumItalic.otf in Resources */,
				544162531E9623E900003E0D /* Cabin-Regular.otf in Resources */,
				544162541E9623E900003E0D /* Cabin-SemiBold.otf in Resources */,
				544162551E9623E900003E0D /* Cabin-SemiBoldItalic.otf in Resources */,
				544162561E9623E900003E0D /* CabinCondensed-Bold.ttf in Resources */,
				544162571E9623E900003E0D /* CabinCondensed-Medium.ttf in Resources */,
				544162581E9623E900003E0D /* CabinCondensed-Regular.ttf in Resources */,
				544162591E9623E900003E0D /* CabinCondensed-SemiBold.ttf in Resources */,
				5480E23B1E8A22B200B62203 /* fontawesome-webfont.ttf in Resources */,
				5480E23C1E8A22B200B62203 /* FontAwesome.otf in Resources */,
				5450DE2C1E87D69D00EBBF55 /* A-01-Training_Programmes.pdf in Resources */,
				5450DE3B1E87D69D00EBBF55 /* F-16-ROTEM_Algorithm.pdf in Resources */,
				5450DE5A1E87D69D00EBBF55 /* Q-46-NORMAL_LABORATORY_DATA.pdf in Resources */,
				544C1BD41E91F42A00891D1F /* crisis.storyboard in Resources */,
				5450DE4A1E87D69D00EBBF55 /* L-30-Paediatric_Massive_Transfusion_Protocol.pdf in Resources */,
				5450DE2D1E87D69D00EBBF55 /* B-02-Guidelines_for_the_Provision_of_Anaesthesia_for_Paediatric_patients.pdf in Resources */,
				546DBB911E8CF0A900BAF26E /* ScoliosisDrugList.csv in Resources */,
				5450DE491E87D69D00EBBF55 /* L-29-Transfusion_Guidelines.pdf in Resources */,
				5450DE3E1E87D69D00EBBF55 /* H-19-Sedation_for_Oncology_Children.pdf in Resources */,
				5450DE3A1E87D69D00EBBF55 /* F-15-Cardiac_Catheterization.pdf in Resources */,
				54C40F5E1E858F3B000E0CF8 /* LaunchScreen.storyboard in Resources */,
				5450DE541E87D69D00EBBF55 /* O-40-Pain_in_Children.pdf in Resources */,
				5450DE4F1E87D69D00EBBF55 /* M-35-Suspected_Anaphylaxis.pdf in Resources */,
				5450DE471E87D69D00EBBF55 /* K-27-Antibiotics.pdf in Resources */,
				5450DE361E87D69D00EBBF55 /* D-11-Fluid_Guidelines_in_Children.pdf in Resources */,
				5450DE441E87D69D00EBBF55 /* I-25-Current_Trends.pdf in Resources */,
				54C40F5B1E858F3B000E0CF8 /* Assets.xcassets in Resources */,
				5450DE581E87D69D00EBBF55 /* O-44-Alternative_Modes_of_Analgesia.pdf in Resources */,
				5450DE531E87D69D00EBBF55 /* N-39-Advanced_Paediatric_Life_Support.pdf in Resources */,
				5450DE401E87D69D00EBBF55 /* I-21-Local_Anaesthetic_Toxicity.pdf in Resources */,
				5450DE481E87D69D00EBBF55 /* K-28-Miscellaneous_Drugs.pdf in Resources */,
				5450DE341E87D69D00EBBF55 /* C-09-Dental_Injury.pdf in Resources */,
				5450DE321E87D69D00EBBF55 /* C-07-Nausea_Vomitting.pdf in Resources */,
				5450DE371E87D69D00EBBF55 /* E-12-Neonatal_Anaesthesia_NICU.pdf in Resources */,
				5450DE571E87D69D00EBBF55 /* O-43-Epidurals.pdf in Resources */,
				5450DE301E87D69D00EBBF55 /* C-05-Premedication.pdf in Resources */,
				5450DE431E87D69D00EBBF55 /* I-24-Ultrasound_Guided_Blocks.pdf in Resources */,
				5450DE311E87D69D00EBBF55 /* C-06-Common_Medical_Conditions.pdf in Resources */,
				5450DE2F1E87D69D00EBBF55 /* C-04-Preoperative_Evaluation.pdf in Resources */,
				5450DE331E87D69D00EBBF55 /* C-08-Emergence_delirium.pdf in Resources */,
				5450DE391E87D69D00EBBF55 /* F-14-Paediatric_Cardiac_Anaesthesia.pdf in Resources */,
				5450DE4E1E87D69D00EBBF55 /* M-34-Acute_Epiglottitis.pdf in Resources */,
				54C40F591E858F3B000E0CF8 /* Main.storyboard in Resources */,
				5450DE3F1E87D69D00EBBF55 /* I-20-Regional_Anaesthesia_Workflow.pdf in Resources */,
				5450DE551E87D69D00EBBF55 /* O-41-Children's_Pain_Service.pdf in Resources */,
				5450DE501E87D69D00EBBF55 /* M-36-Latex_Allergy.pdf in Resources */,
				5450DE461E87D69D00EBBF55 /* J-26-Patient_Transport.pdf in Resources */,
				546DBB951E8CF0B900BAF26E /* CardiacDrugList.csv in Resources */,
				5450DE4B1E87D69D00EBBF55 /* M-31-Laryngospasm.pdf in Resources */,
				5450DE521E87D69D00EBBF55 /* M-38-Local_Anaesthetic_Toxicity.pdf in Resources */,
				5450DE4D1E87D69D00EBBF55 /* M-33-Post_Adenotonsillectomy_Bleeding.pdf in Resources */,
				5450DE3C1E87D69D00EBBF55 /* F-17-Prophylaxis_for_Infective_Endocarditis.pdf in Resources */,
				542ED7BE1E8BB9B00002FD43 /* calculators.storyboard in Resources */,
				5450DE421E87D69D00EBBF55 /* I-23-Central_Neuraxial_Block.pdf in Resources */,
				5450DE2E1E87D69D00EBBF55 /* B-03-Preoperative_preparation_and_induction_techniques.pdf in Resources */,
				5450DE381E87D69D00EBBF55 /* F-13-Common_Cardiac_Conditions.pdf in Resources */,
				5450DE591E87D69D00EBBF55 /* P-45-Chronic_Pain.pdf in Resources */,
				5450DE451E87D69D00EBBF55 /* index.txt in Resources */,
				5450DE561E87D69D00EBBF55 /* O-42-Patient_Controlled_Analgesia.pdf in Resources */,
				5450DE3D1E87D69D00EBBF55 /* G-18-Diagnostic_Imaging.pdf in Resources */,
				541058F41E8E42E40079A20A /* CommonDrugsTablecell.xib in Resources */,
				5450DE411E87D69D00EBBF55 /* I-22-Peripheral_Nerve_Block.pdf in Resources */,
				5450DE511E87D69D00EBBF55 /* M-37-Malignant_Hyperthermia.pdf in Resources */,
				5450DE351E87D69D00EBBF55 /* C-10-Equipment.pdf in Resources */,
				546DBB9D1E8CF0CB00BAF26E /* DrugList.csv in Resources */,
				546DBB991E8CF0C000BAF26E /* CommonDrugs.json in Resources */,
				5450DE4C1E87D69D00EBBF55 /* M-32-Hypercyanotic_Tet_Spells.pdf in Resources */,
			);
			runOnlyForDeploymentPostprocessing = 0;
		};
		54C40F621E858F3C000E0CF8 /* Resources */ = {
			isa = PBXResourcesBuildPhase;
			buildActionMask = 2147483647;
			files = (
			);
			runOnlyForDeploymentPostprocessing = 0;
		};
		54C40F6D1E858F3C000E0CF8 /* Resources */ = {
			isa = PBXResourcesBuildPhase;
			buildActionMask = 2147483647;
			files = (
			);
			runOnlyForDeploymentPostprocessing = 0;
		};
/* End PBXResourcesBuildPhase section */

/* Begin PBXShellScriptBuildPhase section */
		05A7FAF88D0094928F4306A0 /* [CP] Embed Pods Frameworks */ = {
			isa = PBXShellScriptBuildPhase;
			buildActionMask = 2147483647;
			files = (
			);
			inputPaths = (
			);
			name = "[CP] Embed Pods Frameworks";
			outputPaths = (
			);
			runOnlyForDeploymentPostprocessing = 0;
			shellPath = /bin/sh;
			shellScript = "\"${SRCROOT}/Pods/Target Support Files/Pods-KKH Paediatrics Anaesthesia Handbook - swiftTests/Pods-KKH Paediatrics Anaesthesia Handbook - swiftTests-frameworks.sh\"\n";
			showEnvVarsInLog = 0;
		};
		58B9E48DA047258D12117058 /* [CP] Embed Pods Frameworks */ = {
			isa = PBXShellScriptBuildPhase;
			buildActionMask = 2147483647;
			files = (
			);
			inputPaths = (
			);
			name = "[CP] Embed Pods Frameworks";
			outputPaths = (
			);
			runOnlyForDeploymentPostprocessing = 0;
			shellPath = /bin/sh;
			shellScript = "\"${SRCROOT}/Pods/Target Support Files/Pods-KKH Paediatrics Anaesthesia Handbook - swiftUITests/Pods-KKH Paediatrics Anaesthesia Handbook - swiftUITests-frameworks.sh\"\n";
			showEnvVarsInLog = 0;
		};
		6C864E2DF4835711B2B1DB11 /* [CP] Check Pods Manifest.lock */ = {
			isa = PBXShellScriptBuildPhase;
			buildActionMask = 2147483647;
			files = (
			);
			inputPaths = (
			);
			name = "[CP] Check Pods Manifest.lock";
			outputPaths = (
			);
			runOnlyForDeploymentPostprocessing = 0;
			shellPath = /bin/sh;
			shellScript = "diff \"${PODS_ROOT}/../Podfile.lock\" \"${PODS_ROOT}/Manifest.lock\" > /dev/null\nif [ $? != 0 ] ; then\n    # print error to STDERR\n    echo \"error: The sandbox is not in sync with the Podfile.lock. Run 'pod install' or update your CocoaPods installation.\" >&2\n    exit 1\nfi\n";
			showEnvVarsInLog = 0;
		};
		7A36708941943FB078CCB2CA /* [CP] Check Pods Manifest.lock */ = {
			isa = PBXShellScriptBuildPhase;
			buildActionMask = 2147483647;
			files = (
			);
			inputPaths = (
			);
			name = "[CP] Check Pods Manifest.lock";
			outputPaths = (
			);
			runOnlyForDeploymentPostprocessing = 0;
			shellPath = /bin/sh;
			shellScript = "diff \"${PODS_ROOT}/../Podfile.lock\" \"${PODS_ROOT}/Manifest.lock\" > /dev/null\nif [ $? != 0 ] ; then\n    # print error to STDERR\n    echo \"error: The sandbox is not in sync with the Podfile.lock. Run 'pod install' or update your CocoaPods installation.\" >&2\n    exit 1\nfi\n";
			showEnvVarsInLog = 0;
		};
		7F32D84E99BAC637913B6853 /* [CP] Check Pods Manifest.lock */ = {
			isa = PBXShellScriptBuildPhase;
			buildActionMask = 2147483647;
			files = (
			);
			inputPaths = (
			);
			name = "[CP] Check Pods Manifest.lock";
			outputPaths = (
			);
			runOnlyForDeploymentPostprocessing = 0;
			shellPath = /bin/sh;
			shellScript = "diff \"${PODS_ROOT}/../Podfile.lock\" \"${PODS_ROOT}/Manifest.lock\" > /dev/null\nif [ $? != 0 ] ; then\n    # print error to STDERR\n    echo \"error: The sandbox is not in sync with the Podfile.lock. Run 'pod install' or update your CocoaPods installation.\" >&2\n    exit 1\nfi\n";
			showEnvVarsInLog = 0;
		};
		A3045C938F6D6A7FEE90E340 /* [CP] Copy Pods Resources */ = {
			isa = PBXShellScriptBuildPhase;
			buildActionMask = 2147483647;
			files = (
			);
			inputPaths = (
			);
			name = "[CP] Copy Pods Resources";
			outputPaths = (
			);
			runOnlyForDeploymentPostprocessing = 0;
			shellPath = /bin/sh;
			shellScript = "\"${SRCROOT}/Pods/Target Support Files/Pods-KKH Paediatrics Anaesthesia Handbook - swiftUITests/Pods-KKH Paediatrics Anaesthesia Handbook - swiftUITests-resources.sh\"\n";
			showEnvVarsInLog = 0;
		};
		AA9A01B054B1F2D95737D155 /* [CP] Copy Pods Resources */ = {
			isa = PBXShellScriptBuildPhase;
			buildActionMask = 2147483647;
			files = (
			);
			inputPaths = (
			);
			name = "[CP] Copy Pods Resources";
			outputPaths = (
			);
			runOnlyForDeploymentPostprocessing = 0;
			shellPath = /bin/sh;
			shellScript = "\"${SRCROOT}/Pods/Target Support Files/Pods-KKH Paediatrics Anaesthesia Handbook - swiftTests/Pods-KKH Paediatrics Anaesthesia Handbook - swiftTests-resources.sh\"\n";
			showEnvVarsInLog = 0;
		};
		B897C2AD5BCFDC56A4969D0B /* [CP] Copy Pods Resources */ = {
			isa = PBXShellScriptBuildPhase;
			buildActionMask = 2147483647;
			files = (
			);
			inputPaths = (
			);
			name = "[CP] Copy Pods Resources";
			outputPaths = (
			);
			runOnlyForDeploymentPostprocessing = 0;
			shellPath = /bin/sh;
			shellScript = "\"${SRCROOT}/Pods/Target Support Files/Pods-KKH Paediatrics Anaesthesia Handbook - swift/Pods-KKH Paediatrics Anaesthesia Handbook - swift-resources.sh\"\n";
			showEnvVarsInLog = 0;
		};
		BE3083E12330B5E678B2C640 /* [CP] Embed Pods Frameworks */ = {
			isa = PBXShellScriptBuildPhase;
			buildActionMask = 2147483647;
			files = (
			);
			inputPaths = (
			);
			name = "[CP] Embed Pods Frameworks";
			outputPaths = (
			);
			runOnlyForDeploymentPostprocessing = 0;
			shellPath = /bin/sh;
			shellScript = "\"${SRCROOT}/Pods/Target Support Files/Pods-KKH Paediatrics Anaesthesia Handbook - swift/Pods-KKH Paediatrics Anaesthesia Handbook - swift-frameworks.sh\"\n";
			showEnvVarsInLog = 0;
		};
/* End PBXShellScriptBuildPhase section */

/* Begin PBXSourcesBuildPhase section */
		54C40F4C1E858F3B000E0CF8 /* Sources */ = {
			isa = PBXSourcesBuildPhase;
			buildActionMask = 2147483647;
			files = (
				5450DE631E87D9A200EBBF55 /* NavVC.swift in Sources */,
				544C1BD81E92031300891D1F /* ContentManager.swift in Sources */,
				542ED7BA1E8BB3060002FD43 /* CalcMainVC.swift in Sources */,
				543BAE211E8A66E3009CC8E5 /* PDFManager.swift in Sources */,
				546DBB941E8CF0B900BAF26E /* CardiacDrugCalculationsManager.swift in Sources */,
				544C1BD61E91F73E00891D1F /* crisisNavVC.swift in Sources */,
				544C1BDA1E92065B00891D1F /* CrisisContentModularVC.swift in Sources */,
				541058EF1E8E399B0079A20A /* DataObject.swift in Sources */,
				544C1BDD1E92069200891D1F /* crisisContentCell.swift in Sources */,
				54C40F541E858F3B000E0CF8 /* AppDelegate.swift in Sources */,
				5450DE5C1E87D86500EBBF55 /* tabControllerVC.swift in Sources */,
				54B7BA971E891F05005F1075 /* HandbookVC.swift in Sources */,
				546DBB9C1E8CF0CB00BAF26E /* DrugCalculationsManager.swift in Sources */,
				546DBB901E8CF0A900BAF26E /* ScoliosisDrugCalculationsManager.swift in Sources */,
				541058F31E8E42E40079A20A /* CommonDrugsTablecell.swift in Sources */,
				5436971A1E8A4BA0001D80F4 /* HandbookCollectionViewCell.swift in Sources */,
				543480871E864ABC004D837F /* extensions.swift in Sources */,
				546DBB8B1E8CDC6D00BAF26E /* BMIGraphManager.swift in Sources */,
				5448347D1E8B8A1100CC1E09 /* HandbookTableViewCell.swift in Sources */,
				546DBB8D1E8CE22000BAF26E /* drugVC.swift in Sources */,
				541058ED1E8E38A60079A20A /* dataobjectt.swift in Sources */,
				542ED7BC1E8BB9360002FD43 /* BMIvc.swift in Sources */,
			);
			runOnlyForDeploymentPostprocessing = 0;
		};
		54C40F601E858F3C000E0CF8 /* Sources */ = {
			isa = PBXSourcesBuildPhase;
			buildActionMask = 2147483647;
			files = (
				54C40F691E858F3C000E0CF8 /* KKH_Paediatrics_Anaesthesia_Handbook___swiftTests.swift in Sources */,
			);
			runOnlyForDeploymentPostprocessing = 0;
		};
		54C40F6B1E858F3C000E0CF8 /* Sources */ = {
			isa = PBXSourcesBuildPhase;
			buildActionMask = 2147483647;
			files = (
				54C40F741E858F3C000E0CF8 /* KKH_Paediatrics_Anaesthesia_Handbook___swiftUITests.swift in Sources */,
			);
			runOnlyForDeploymentPostprocessing = 0;
		};
/* End PBXSourcesBuildPhase section */

/* Begin PBXTargetDependency section */
		54C40F661E858F3C000E0CF8 /* PBXTargetDependency */ = {
			isa = PBXTargetDependency;
			target = 54C40F4F1E858F3B000E0CF8 /* KKH Paediatrics Anaesthesia Handbook - swift */;
			targetProxy = 54C40F651E858F3C000E0CF8 /* PBXContainerItemProxy */;
		};
		54C40F711E858F3C000E0CF8 /* PBXTargetDependency */ = {
			isa = PBXTargetDependency;
			target = 54C40F4F1E858F3B000E0CF8 /* KKH Paediatrics Anaesthesia Handbook - swift */;
			targetProxy = 54C40F701E858F3C000E0CF8 /* PBXContainerItemProxy */;
		};
/* End PBXTargetDependency section */

/* Begin PBXVariantGroup section */
		54C40F571E858F3B000E0CF8 /* Main.storyboard */ = {
			isa = PBXVariantGroup;
			children = (
				54C40F581E858F3B000E0CF8 /* Base */,
			);
			name = Main.storyboard;
			sourceTree = "<group>";
		};
		54C40F5C1E858F3B000E0CF8 /* LaunchScreen.storyboard */ = {
			isa = PBXVariantGroup;
			children = (
				54C40F5D1E858F3B000E0CF8 /* Base */,
			);
			name = LaunchScreen.storyboard;
			sourceTree = "<group>";
		};
/* End PBXVariantGroup section */

/* Begin XCBuildConfiguration section */
		54C40F761E858F3C000E0CF8 /* Debug */ = {
			isa = XCBuildConfiguration;
			buildSettings = {
				ALWAYS_SEARCH_USER_PATHS = NO;
				CLANG_ANALYZER_NONNULL = YES;
				CLANG_CXX_LANGUAGE_STANDARD = "gnu++0x";
				CLANG_CXX_LIBRARY = "libc++";
				CLANG_ENABLE_MODULES = YES;
				CLANG_ENABLE_OBJC_ARC = YES;
				CLANG_WARN_BOOL_CONVERSION = YES;
				CLANG_WARN_CONSTANT_CONVERSION = YES;
				CLANG_WARN_DIRECT_OBJC_ISA_USAGE = YES_ERROR;
				CLANG_WARN_DOCUMENTATION_COMMENTS = YES;
				CLANG_WARN_EMPTY_BODY = YES;
				CLANG_WARN_ENUM_CONVERSION = YES;
				CLANG_WARN_INFINITE_RECURSION = YES;
				CLANG_WARN_INT_CONVERSION = YES;
				CLANG_WARN_OBJC_ROOT_CLASS = YES_ERROR;
				CLANG_WARN_SUSPICIOUS_MOVE = YES;
				CLANG_WARN_UNREACHABLE_CODE = YES;
				CLANG_WARN__DUPLICATE_METHOD_MATCH = YES;
				"CODE_SIGN_IDENTITY[sdk=iphoneos*]" = "iPhone Developer";
				COPY_PHASE_STRIP = NO;
				DEBUG_INFORMATION_FORMAT = dwarf;
				ENABLE_STRICT_OBJC_MSGSEND = YES;
				ENABLE_TESTABILITY = YES;
				GCC_C_LANGUAGE_STANDARD = gnu99;
				GCC_DYNAMIC_NO_PIC = NO;
				GCC_NO_COMMON_BLOCKS = YES;
				GCC_OPTIMIZATION_LEVEL = 0;
				GCC_PREPROCESSOR_DEFINITIONS = (
					"DEBUG=1",
					"$(inherited)",
				);
				GCC_WARN_64_TO_32_BIT_CONVERSION = YES;
				GCC_WARN_ABOUT_RETURN_TYPE = YES_ERROR;
				GCC_WARN_UNDECLARED_SELECTOR = YES;
				GCC_WARN_UNINITIALIZED_AUTOS = YES_AGGRESSIVE;
				GCC_WARN_UNUSED_FUNCTION = YES;
				GCC_WARN_UNUSED_VARIABLE = YES;
				IPHONEOS_DEPLOYMENT_TARGET = 10.2;
				MTL_ENABLE_DEBUG_INFO = YES;
				ONLY_ACTIVE_ARCH = YES;
				SDKROOT = iphoneos;
				SWIFT_ACTIVE_COMPILATION_CONDITIONS = DEBUG;
				SWIFT_OPTIMIZATION_LEVEL = "-Onone";
			};
			name = Debug;
		};
		54C40F771E858F3C000E0CF8 /* Release */ = {
			isa = XCBuildConfiguration;
			buildSettings = {
				ALWAYS_SEARCH_USER_PATHS = NO;
				CLANG_ANALYZER_NONNULL = YES;
				CLANG_CXX_LANGUAGE_STANDARD = "gnu++0x";
				CLANG_CXX_LIBRARY = "libc++";
				CLANG_ENABLE_MODULES = YES;
				CLANG_ENABLE_OBJC_ARC = YES;
				CLANG_WARN_BOOL_CONVERSION = YES;
				CLANG_WARN_CONSTANT_CONVERSION = YES;
				CLANG_WARN_DIRECT_OBJC_ISA_USAGE = YES_ERROR;
				CLANG_WARN_DOCUMENTATION_COMMENTS = YES;
				CLANG_WARN_EMPTY_BODY = YES;
				CLANG_WARN_ENUM_CONVERSION = YES;
				CLANG_WARN_INFINITE_RECURSION = YES;
				CLANG_WARN_INT_CONVERSION = YES;
				CLANG_WARN_OBJC_ROOT_CLASS = YES_ERROR;
				CLANG_WARN_SUSPICIOUS_MOVE = YES;
				CLANG_WARN_UNREACHABLE_CODE = YES;
				CLANG_WARN__DUPLICATE_METHOD_MATCH = YES;
				"CODE_SIGN_IDENTITY[sdk=iphoneos*]" = "iPhone Developer";
				COPY_PHASE_STRIP = NO;
				DEBUG_INFORMATION_FORMAT = "dwarf-with-dsym";
				ENABLE_NS_ASSERTIONS = NO;
				ENABLE_STRICT_OBJC_MSGSEND = YES;
				GCC_C_LANGUAGE_STANDARD = gnu99;
				GCC_NO_COMMON_BLOCKS = YES;
				GCC_WARN_64_TO_32_BIT_CONVERSION = YES;
				GCC_WARN_ABOUT_RETURN_TYPE = YES_ERROR;
				GCC_WARN_UNDECLARED_SELECTOR = YES;
				GCC_WARN_UNINITIALIZED_AUTOS = YES_AGGRESSIVE;
				GCC_WARN_UNUSED_FUNCTION = YES;
				GCC_WARN_UNUSED_VARIABLE = YES;
				IPHONEOS_DEPLOYMENT_TARGET = 10.2;
				MTL_ENABLE_DEBUG_INFO = NO;
				SDKROOT = iphoneos;
				SWIFT_OPTIMIZATION_LEVEL = "-Owholemodule";
				VALIDATE_PRODUCT = YES;
			};
			name = Release;
		};
		54C40F791E858F3C000E0CF8 /* Debug */ = {
			isa = XCBuildConfiguration;
			baseConfigurationReference = DD2C05B77962373FE72784AB /* Pods-KKH Paediatrics Anaesthesia Handbook - swift.debug.xcconfig */;
			buildSettings = {
				ASSETCATALOG_COMPILER_APPICON_NAME = AppIcon;
				CLANG_ENABLE_MODULES = YES;
				DEVELOPMENT_TEAM = 7K6ZTDFM48;
				INFOPLIST_FILE = "KKH Paediatrics Anaesthesia Handbook - swift/Info.plist";
				IPHONEOS_DEPLOYMENT_TARGET = 9.0;
				LD_RUNPATH_SEARCH_PATHS = "$(inherited) @executable_path/Frameworks";
				PRODUCT_BUNDLE_IDENTIFIER = "KKH-APP-16";
				PRODUCT_NAME = "$(TARGET_NAME)";
				SWIFT_OBJC_BRIDGING_HEADER = "KKH Paediatrics Anaesthesia Handbook - swift/KKH Paediatrics Anaesthesia Handbook - swift-Bridging-Header.h";
				SWIFT_OPTIMIZATION_LEVEL = "-Onone";
				SWIFT_VERSION = 3.0;
			};
			name = Debug;
		};
		54C40F7A1E858F3C000E0CF8 /* Release */ = {
			isa = XCBuildConfiguration;
			baseConfigurationReference = 0B5581379DAC5BA194847E62 /* Pods-KKH Paediatrics Anaesthesia Handbook - swift.release.xcconfig */;
			buildSettings = {
				ASSETCATALOG_COMPILER_APPICON_NAME = AppIcon;
				CLANG_ENABLE_MODULES = YES;
				DEVELOPMENT_TEAM = 7K6ZTDFM48;
				INFOPLIST_FILE = "KKH Paediatrics Anaesthesia Handbook - swift/Info.plist";
				IPHONEOS_DEPLOYMENT_TARGET = 9.0;
				LD_RUNPATH_SEARCH_PATHS = "$(inherited) @executable_path/Frameworks";
				PRODUCT_BUNDLE_IDENTIFIER = "KKH-APP-16";
				PRODUCT_NAME = "$(TARGET_NAME)";
				SWIFT_OBJC_BRIDGING_HEADER = "KKH Paediatrics Anaesthesia Handbook - swift/KKH Paediatrics Anaesthesia Handbook - swift-Bridging-Header.h";
				SWIFT_VERSION = 3.0;
			};
			name = Release;
		};
		54C40F7C1E858F3C000E0CF8 /* Debug */ = {
			isa = XCBuildConfiguration;
			baseConfigurationReference = A9200EFF5538AEC0E458313D /* Pods-KKH Paediatrics Anaesthesia Handbook - swiftTests.debug.xcconfig */;
			buildSettings = {
				ALWAYS_EMBED_SWIFT_STANDARD_LIBRARIES = YES;
				BUNDLE_LOADER = "$(TEST_HOST)";
				DEVELOPMENT_TEAM = 7K6ZTDFM48;
				INFOPLIST_FILE = "KKH Paediatrics Anaesthesia Handbook - swiftTests/Info.plist";
				LD_RUNPATH_SEARCH_PATHS = "$(inherited) @executable_path/Frameworks @loader_path/Frameworks";
				PRODUCT_BUNDLE_IDENTIFIER = "com.KKH-Paediatrics-Anaesthesia-Handbook---swiftTests";
				PRODUCT_NAME = "$(TARGET_NAME)";
				SWIFT_VERSION = 3.0;
				TEST_HOST = "$(BUILT_PRODUCTS_DIR)/KKH Paediatrics Anaesthesia Handbook - swift.app/KKH Paediatrics Anaesthesia Handbook - swift";
			};
			name = Debug;
		};
		54C40F7D1E858F3C000E0CF8 /* Release */ = {
			isa = XCBuildConfiguration;
			baseConfigurationReference = ED480969E177DB8034154FE2 /* Pods-KKH Paediatrics Anaesthesia Handbook - swiftTests.release.xcconfig */;
			buildSettings = {
				ALWAYS_EMBED_SWIFT_STANDARD_LIBRARIES = YES;
				BUNDLE_LOADER = "$(TEST_HOST)";
				DEVELOPMENT_TEAM = 7K6ZTDFM48;
				INFOPLIST_FILE = "KKH Paediatrics Anaesthesia Handbook - swiftTests/Info.plist";
				LD_RUNPATH_SEARCH_PATHS = "$(inherited) @executable_path/Frameworks @loader_path/Frameworks";
				PRODUCT_BUNDLE_IDENTIFIER = "com.KKH-Paediatrics-Anaesthesia-Handbook---swiftTests";
				PRODUCT_NAME = "$(TARGET_NAME)";
				SWIFT_VERSION = 3.0;
				TEST_HOST = "$(BUILT_PRODUCTS_DIR)/KKH Paediatrics Anaesthesia Handbook - swift.app/KKH Paediatrics Anaesthesia Handbook - swift";
			};
			name = Release;
		};
		54C40F7F1E858F3C000E0CF8 /* Debug */ = {
			isa = XCBuildConfiguration;
			baseConfigurationReference = F2EACCEEEB5C92C737632F2C /* Pods-KKH Paediatrics Anaesthesia Handbook - swiftUITests.debug.xcconfig */;
			buildSettings = {
				ALWAYS_EMBED_SWIFT_STANDARD_LIBRARIES = YES;
				DEVELOPMENT_TEAM = 7K6ZTDFM48;
				INFOPLIST_FILE = "KKH Paediatrics Anaesthesia Handbook - swiftUITests/Info.plist";
				LD_RUNPATH_SEARCH_PATHS = "$(inherited) @executable_path/Frameworks @loader_path/Frameworks";
				PRODUCT_BUNDLE_IDENTIFIER = "com.KKH-Paediatrics-Anaesthesia-Handbook---swiftUITests";
				PRODUCT_NAME = "$(TARGET_NAME)";
				SWIFT_VERSION = 3.0;
				TEST_TARGET_NAME = "KKH Paediatrics Anaesthesia Handbook - swift";
			};
			name = Debug;
		};
		54C40F801E858F3C000E0CF8 /* Release */ = {
			isa = XCBuildConfiguration;
			baseConfigurationReference = B35BF42A82E89A34A6A2DAE2 /* Pods-KKH Paediatrics Anaesthesia Handbook - swiftUITests.release.xcconfig */;
			buildSettings = {
				ALWAYS_EMBED_SWIFT_STANDARD_LIBRARIES = YES;
				DEVELOPMENT_TEAM = 7K6ZTDFM48;
				INFOPLIST_FILE = "KKH Paediatrics Anaesthesia Handbook - swiftUITests/Info.plist";
				LD_RUNPATH_SEARCH_PATHS = "$(inherited) @executable_path/Frameworks @loader_path/Frameworks";
				PRODUCT_BUNDLE_IDENTIFIER = "com.KKH-Paediatrics-Anaesthesia-Handbook---swiftUITests";
				PRODUCT_NAME = "$(TARGET_NAME)";
				SWIFT_VERSION = 3.0;
				TEST_TARGET_NAME = "KKH Paediatrics Anaesthesia Handbook - swift";
			};
			name = Release;
		};
/* End XCBuildConfiguration section */

/* Begin XCConfigurationList section */
		54C40F4B1E858F3B000E0CF8 /* Build configuration list for PBXProject "KKH Paediatrics Anaesthesia Handbook - swift" */ = {
			isa = XCConfigurationList;
			buildConfigurations = (
				54C40F761E858F3C000E0CF8 /* Debug */,
				54C40F771E858F3C000E0CF8 /* Release */,
			);
			defaultConfigurationIsVisible = 0;
			defaultConfigurationName = Release;
		};
		54C40F781E858F3C000E0CF8 /* Build configuration list for PBXNativeTarget "KKH Paediatrics Anaesthesia Handbook - swift" */ = {
			isa = XCConfigurationList;
			buildConfigurations = (
				54C40F791E858F3C000E0CF8 /* Debug */,
				54C40F7A1E858F3C000E0CF8 /* Release */,
			);
			defaultConfigurationIsVisible = 0;
			defaultConfigurationName = Release;
		};
		54C40F7B1E858F3C000E0CF8 /* Build configuration list for PBXNativeTarget "KKH Paediatrics Anaesthesia Handbook - swiftTests" */ = {
			isa = XCConfigurationList;
			buildConfigurations = (
				54C40F7C1E858F3C000E0CF8 /* Debug */,
				54C40F7D1E858F3C000E0CF8 /* Release */,
			);
			defaultConfigurationIsVisible = 0;
			defaultConfigurationName = Release;
		};
		54C40F7E1E858F3C000E0CF8 /* Build configuration list for PBXNativeTarget "KKH Paediatrics Anaesthesia Handbook - swiftUITests" */ = {
			isa = XCConfigurationList;
			buildConfigurations = (
				54C40F7F1E858F3C000E0CF8 /* Debug */,
				54C40F801E858F3C000E0CF8 /* Release */,
			);
			defaultConfigurationIsVisible = 0;
			defaultConfigurationName = Release;
		};
/* End XCConfigurationList section */
	};
	rootObject = 54C40F481E858F3B000E0CF8 /* Project object */;
}
