PODS:
  - RATreeView (2.1.2)
  - SwiftyJSON (3.1.4)

DEPENDENCIES:
  - RATreeView (~> 2.1.2)
  - SwiftyJSON

SPEC CHECKSUMS:
  RATreeView: 380cde0090cfde21dc6ac29137f49d3b768fdd28
  SwiftyJSON: c2842d878f95482ffceec5709abc3d05680c0220

PODFILE CHECKSUM: 6ddc4a8196a099fdcba17ec690fc6dd1c8362514

COCOAPODS: 1.2.0
