PODS:
  - RATreeView (2.1.2)
  - SwiftyJSON (3.1.3)

DEPENDENCIES:
  - RATreeView (~> 2.1.2)
  - SwiftyJSON

SPEC CHECKSUMS:
  RATreeView: 380cde0090cfde21dc6ac29137f49d3b768fdd28
  SwiftyJSON: 38a8ea2006779c0fc4c310cb2ee8195327740faf

PODFILE CHECKSUM: 2b14d0906909db9005801bb8701579c0d23e40c2

COCOAPODS: 1.1.1
