// !$*UTF8*$!
{
	archiveVersion = 1;
	classes = {
	};
	objectVersion = 46;
	objects = {

/* Begin PBXBuildFile section */
		9703E68E1D29367A00C72EF3 /* Secure_.m in Sources */ = {isa = PBXBuildFile; fileRef = 9703E68D1D29367A00C72EF3 /* Secure_.m */; };
		9706EBA11D4CFC3A00801B77 /* splash screen.png in Resources */ = {isa = PBXBuildFile; fileRef = 9706EBA01D4CFC3A00801B77 /* splash screen.png */; };
		97087CCF1D5435FE007182EA /* BMIGraphManager.swift in Sources */ = {isa = PBXBuildFile; fileRef = 97087CCE1D5435FE007182EA /* BMIGraphManager.swift */; };
		97092DE21D52CFBC007EA57E /* kkh memes.jpg in Resources */ = {isa = PBXBuildFile; fileRef = 97092DE11D52CFBC007EA57E /* kkh memes.jpg */; };
		9722E8611D0CF15C00C6D26F /* Cabin-Bold.otf in Resources */ = {isa = PBXBuildFile; fileRef = 9722E8591D0CEF2C00C6D26F /* Cabin-Bold.otf */; };
		9722E8621D0CF16300C6D26F /* Cabin-BoldItalic.otf in Resources */ = {isa = PBXBuildFile; fileRef = 9722E85A1D0CEF2C00C6D26F /* Cabin-BoldItalic.otf */; };
		9722E8631D0CF16300C6D26F /* Cabin-Italic.otf in Resources */ = {isa = PBXBuildFile; fileRef = 9722E85B1D0CEF2C00C6D26F /* Cabin-Italic.otf */; };
		9722E8641D0CF16300C6D26F /* Cabin-Medium.otf in Resources */ = {isa = PBXBuildFile; fileRef = 9722E85C1D0CEF2C00C6D26F /* Cabin-Medium.otf */; };
		9722E8651D0CF16300C6D26F /* Cabin-MediumItalic.otf in Resources */ = {isa = PBXBuildFile; fileRef = 9722E85D1D0CEF2C00C6D26F /* Cabin-MediumItalic.otf */; };
		9722E8661D0CF16300C6D26F /* Cabin-Regular.otf in Resources */ = {isa = PBXBuildFile; fileRef = 9722E85E1D0CEF2C00C6D26F /* Cabin-Regular.otf */; };
		9722E8671D0CF16300C6D26F /* Cabin-SemiBold.otf in Resources */ = {isa = PBXBuildFile; fileRef = 9722E85F1D0CEF2C00C6D26F /* Cabin-SemiBold.otf */; };
		9722E8681D0CF16300C6D26F /* Cabin-SemiBoldItalic.otf in Resources */ = {isa = PBXBuildFile; fileRef = 9722E8601D0CEF2C00C6D26F /* Cabin-SemiBoldItalic.otf */; };
		9722E8691D0CF16300C6D26F /* CabinCondensed-Bold.ttf in Resources */ = {isa = PBXBuildFile; fileRef = 9722E8551D0CEF0E00C6D26F /* CabinCondensed-Bold.ttf */; };
		9722E86A1D0CF16300C6D26F /* CabinCondensed-Medium.ttf in Resources */ = {isa = PBXBuildFile; fileRef = 9722E8561D0CEF0E00C6D26F /* CabinCondensed-Medium.ttf */; };
		9722E86B1D0CF16300C6D26F /* CabinCondensed-Regular.ttf in Resources */ = {isa = PBXBuildFile; fileRef = 9722E8571D0CEF0E00C6D26F /* CabinCondensed-Regular.ttf */; };
		9722E86C1D0CF16300C6D26F /* CabinCondensed-SemiBold.ttf in Resources */ = {isa = PBXBuildFile; fileRef = 9722E8581D0CEF0E00C6D26F /* CabinCondensed-SemiBold.ttf */; };
		9722E87F1D0EFF0100C6D26F /* FavViewController.m in Sources */ = {isa = PBXBuildFile; fileRef = 9722E87E1D0EFF0100C6D26F /* FavViewController.m */; };
		9724916B1D4F395000A9CD91 /* 1.png in Resources */ = {isa = PBXBuildFile; fileRef = 972491641D4F395000A9CD91 /* 1.png */; };
		9724916C1D4F395000A9CD91 /* 2.png in Resources */ = {isa = PBXBuildFile; fileRef = 972491651D4F395000A9CD91 /* 2.png */; };
		9724916D1D4F395000A9CD91 /* 3.png in Resources */ = {isa = PBXBuildFile; fileRef = 972491661D4F395000A9CD91 /* 3.png */; };
		9724916E1D4F395000A9CD91 /* 4.png in Resources */ = {isa = PBXBuildFile; fileRef = 972491671D4F395000A9CD91 /* 4.png */; };
		9724916F1D4F395000A9CD91 /* 5.png in Resources */ = {isa = PBXBuildFile; fileRef = 972491681D4F395000A9CD91 /* 5.png */; };
		972491701D4F395000A9CD91 /* 6.png in Resources */ = {isa = PBXBuildFile; fileRef = 972491691D4F395000A9CD91 /* 6.png */; };
		972491711D4F395000A9CD91 /* 7.png in Resources */ = {isa = PBXBuildFile; fileRef = 9724916A1D4F395000A9CD91 /* 7.png */; };
		972491741D4F3A3600A9CD91 /* TutorialViewController.m in Sources */ = {isa = PBXBuildFile; fileRef = 972491731D4F3A3600A9CD91 /* TutorialViewController.m */; };
		973E00291D092CD600F7C94A /* QCMethod.m in Sources */ = {isa = PBXBuildFile; fileRef = 973E00261D092CD600F7C94A /* QCMethod.m */; };
		973E00301D09371B00F7C94A /* animationScheme.m in Sources */ = {isa = PBXBuildFile; fileRef = 973E002F1D09371B00F7C94A /* animationScheme.m */; };
		973E00331D09A30000F7C94A /* PDFManager.swift in Sources */ = {isa = PBXBuildFile; fileRef = 973E00321D09A30000F7C94A /* PDFManager.swift */; };
		974C45661D0A6A2500797BF0 /* webViewPDF\.m in Sources */ = {isa = PBXBuildFile; fileRef = 974C45651D0A6A2500797BF0 /* webViewPDF\.m */; };
		97612B3F1D3F9D9E004900BE /* DrugCalculationViewController.m in Sources */ = {isa = PBXBuildFile; fileRef = 97612B3E1D3F9D9E004900BE /* DrugCalculationViewController.m */; };
		976EFB241D01C28B0048A4DC /* main.m in Sources */ = {isa = PBXBuildFile; fileRef = 976EFB231D01C28B0048A4DC /* main.m */; };
		976EFB271D01C28B0048A4DC /* AppDelegate.m in Sources */ = {isa = PBXBuildFile; fileRef = 976EFB261D01C28B0048A4DC /* AppDelegate.m */; };
		976EFB2A1D01C28B0048A4DC /* ViewController.m in Sources */ = {isa = PBXBuildFile; fileRef = 976EFB291D01C28B0048A4DC /* ViewController.m */; };
		976EFB2D1D01C28B0048A4DC /* Main.storyboard in Resources */ = {isa = PBXBuildFile; fileRef = 976EFB2B1D01C28B0048A4DC /* Main.storyboard */; };
		976EFB2F1D01C28B0048A4DC /* Assets.xcassets in Resources */ = {isa = PBXBuildFile; fileRef = 976EFB2E1D01C28B0048A4DC /* Assets.xcassets */; };
		976EFB321D01C28B0048A4DC /* LaunchScreen.storyboard in Resources */ = {isa = PBXBuildFile; fileRef = 976EFB301D01C28B0048A4DC /* LaunchScreen.storyboard */; };
		976EFB3D1D01C28B0048A4DC /* KKH_appUITests.m in Sources */ = {isa = PBXBuildFile; fileRef = 976EFB3C1D01C28B0048A4DC /* KKH_appUITests.m */; };
		97728A2B1D6719F7002E4D0C /* 01-Training_Programmes.pdf in Resources */ = {isa = PBXBuildFile; fileRef = 97728A131D6719F7002E4D0C /* 01-Training_Programmes.pdf */; };
		97728A2C1D6719F7002E4D0C /* 02-Guidelines_for_the_Provision_of_Anaesthesia.pdf in Resources */ = {isa = PBXBuildFile; fileRef = 97728A141D6719F7002E4D0C /* 02-Guidelines_for_the_Provision_of_Anaesthesia.pdf */; };
		97728A2D1D6719F7002E4D0C /* 03-Paediatric_Anaesthesia.pdf in Resources */ = {isa = PBXBuildFile; fileRef = 97728A151D6719F7002E4D0C /* 03-Paediatric_Anaesthesia.pdf */; };
		97728A2E1D6719F7002E4D0C /* 04-Equipment_for_Paediatric_Anaestheisa.pdf in Resources */ = {isa = PBXBuildFile; fileRef = 97728A161D6719F7002E4D0C /* 04-Equipment_for_Paediatric_Anaestheisa.pdf */; };
		97728A2F1D6719F7002E4D0C /* 05-Neonatal_Anaesthesia.pdf in Resources */ = {isa = PBXBuildFile; fileRef = 97728A171D6719F7002E4D0C /* 05-Neonatal_Anaesthesia.pdf */; };
		97728A301D6719F7002E4D0C /* 06-Cardiac_Guidelines.pdf in Resources */ = {isa = PBXBuildFile; fileRef = 97728A181D6719F7002E4D0C /* 06-Cardiac_Guidelines.pdf */; };
		97728A311D6719F7002E4D0C /* 07-ROTEM_Algorithm.pdf in Resources */ = {isa = PBXBuildFile; fileRef = 97728A191D6719F7002E4D0C /* 07-ROTEM_Algorithm.pdf */; };
		97728A321D6719F7002E4D0C /* 08-Cardiac_Checklist.pdf in Resources */ = {isa = PBXBuildFile; fileRef = 97728A1A1D6719F7002E4D0C /* 08-Cardiac_Checklist.pdf */; };
		97728A331D6719F7002E4D0C /* 09-Cardiac_Calculator.pdf in Resources */ = {isa = PBXBuildFile; fileRef = 97728A1B1D6719F7002E4D0C /* 09-Cardiac_Calculator.pdf */; };
		97728A341D6719F7002E4D0C /* 10-Antibiotic_Prophylaxis_for_the_Prevention_of_Infective_Endocarditis.pdf in Resources */ = {isa = PBXBuildFile; fileRef = 97728A1C1D6719F7002E4D0C /* 10-Antibiotic_Prophylaxis_for_the_Prevention_of_Infective_Endocarditis.pdf */; };
		97728A351D6719F7002E4D0C /* 11-Diagnostic_Imaging.pdf in Resources */ = {isa = PBXBuildFile; fileRef = 97728A1D1D6719F7002E4D0C /* 11-Diagnostic_Imaging.pdf */; };
		97728A361D6719F7002E4D0C /* 12-Sedation_for_oncology_children.pdf in Resources */ = {isa = PBXBuildFile; fileRef = 97728A1E1D6719F7002E4D0C /* 12-Sedation_for_oncology_children.pdf */; };
		97728A371D6719F7002E4D0C /* 13-Regional_Anaesthesia.pdf in Resources */ = {isa = PBXBuildFile; fileRef = 97728A1F1D6719F7002E4D0C /* 13-Regional_Anaesthesia.pdf */; };
		97728A381D6719F7002E4D0C /* 14-Patient_Transport.pdf in Resources */ = {isa = PBXBuildFile; fileRef = 97728A201D6719F7002E4D0C /* 14-Patient_Transport.pdf */; };
		97728A391D6719F7002E4D0C /* 15-Dosages_in_Paediatric_Anaesthesia.pdf in Resources */ = {isa = PBXBuildFile; fileRef = 97728A211D6719F7002E4D0C /* 15-Dosages_in_Paediatric_Anaesthesia.pdf */; };
		97728A3A1D6719F7002E4D0C /* 16-Antibiotics.pdf in Resources */ = {isa = PBXBuildFile; fileRef = 97728A221D6719F7002E4D0C /* 16-Antibiotics.pdf */; };
		97728A3B1D6719F7002E4D0C /* 17-Transfusion_in_Children.pdf in Resources */ = {isa = PBXBuildFile; fileRef = 97728A231D6719F7002E4D0C /* 17-Transfusion_in_Children.pdf */; };
		97728A3C1D6719F7002E4D0C /* 18-Paediatric_Massive_Transfusion_Protocol.pdf in Resources */ = {isa = PBXBuildFile; fileRef = 97728A241D6719F7002E4D0C /* 18-Paediatric_Massive_Transfusion_Protocol.pdf */; };
		97728A3D1D6719F7002E4D0C /* 19-Laboratory_Data.pdf in Resources */ = {isa = PBXBuildFile; fileRef = 97728A251D6719F7002E4D0C /* 19-Laboratory_Data.pdf */; };
		97728A3E1D6719F7002E4D0C /* 20-Fluid_Recommendations.pdf in Resources */ = {isa = PBXBuildFile; fileRef = 97728A261D6719F7002E4D0C /* 20-Fluid_Recommendations.pdf */; };
		97728A3F1D6719F7002E4D0C /* 21-Common_Crisis.pdf in Resources */ = {isa = PBXBuildFile; fileRef = 97728A271D6719F7002E4D0C /* 21-Common_Crisis.pdf */; };
		97728A401D6719F7002E4D0C /* 22-Algorithms.pdf in Resources */ = {isa = PBXBuildFile; fileRef = 97728A281D6719F7002E4D0C /* 22-Algorithms.pdf */; };
		97728A411D6719F7002E4D0C /* 23-Acute_Pain.pdf in Resources */ = {isa = PBXBuildFile; fileRef = 97728A291D6719F7002E4D0C /* 23-Acute_Pain.pdf */; };
		97728A421D6719F7002E4D0C /* 24-Chronic_Pain.pdf in Resources */ = {isa = PBXBuildFile; fileRef = 97728A2A1D6719F7002E4D0C /* 24-Chronic_Pain.pdf */; };
		9777BF711D433C8200F82DA4 /* soundE.mp3 in Resources */ = {isa = PBXBuildFile; fileRef = 9777BF701D433C8200F82DA4 /* soundE.mp3 */; };
		9777BF781D435C6F00F82DA4 /* BMIPercentileViewController.m in Sources */ = {isa = PBXBuildFile; fileRef = 9777BF771D435C6F00F82DA4 /* BMIPercentileViewController.m */; };
		979782F11D1D8E7100BAF670 /* splashAnimate.m in Sources */ = {isa = PBXBuildFile; fileRef = 979782F01D1D8E7100BAF670 /* splashAnimate.m */; };
		979782F41D1D8EBC00BAF670 /* SplashViewController.m in Sources */ = {isa = PBXBuildFile; fileRef = 979782F31D1D8EBC00BAF670 /* SplashViewController.m */; };
		979782F91D1E1C6C00BAF670 /* AboutUsViewController.m in Sources */ = {isa = PBXBuildFile; fileRef = 979782F81D1E1C6C00BAF670 /* AboutUsViewController.m */; };
		979782FD1D1F8DEB00BAF670 /* DrugCalculationsManager.swift in Sources */ = {isa = PBXBuildFile; fileRef = 979782FB1D1F8DEB00BAF670 /* DrugCalculationsManager.swift */; };
		979782FE1D1F8DEB00BAF670 /* DrugList.csv in Resources */ = {isa = PBXBuildFile; fileRef = 979782FC1D1F8DEB00BAF670 /* DrugList.csv */; };
		97BCF2C51D13955600891F74 /* SettingsViewController.m in Sources */ = {isa = PBXBuildFile; fileRef = 97BCF2C41D13955600891F74 /* SettingsViewController.m */; };
		97FB27C11D06D69000EF2845 /* Calculator.m in Sources */ = {isa = PBXBuildFile; fileRef = 97FB27C01D06D69000EF2845 /* Calculator.m */; };
		97FED15B1D5095B8000B7703 /* inc_hq.jpg in Resources */ = {isa = PBXBuildFile; fileRef = 97FED15A1D5095B8000B7703 /* inc_hq.jpg */; };
/* End PBXBuildFile section */

/* Begin PBXContainerItemProxy section */
		976EFB391D01C28B0048A4DC /* PBXContainerItemProxy */ = {
			isa = PBXContainerItemProxy;
			containerPortal = 976EFB171D01C28B0048A4DC /* Project object */;
			proxyType = 1;
			remoteGlobalIDString = 976EFB1E1D01C28B0048A4DC;
			remoteInfo = "KKH app";
		};
/* End PBXContainerItemProxy section */

/* Begin PBXFileReference section */
		9703E68C1D29367A00C72EF3 /* Secure_.h */ = {isa = PBXFileReference; fileEncoding = 4; lastKnownFileType = sourcecode.c.h; path = Secure_.h; sourceTree = "<group>"; };
		9703E68D1D29367A00C72EF3 /* Secure_.m */ = {isa = PBXFileReference; fileEncoding = 4; lastKnownFileType = sourcecode.c.objc; path = Secure_.m; sourceTree = "<group>"; };
		9706EBA01D4CFC3A00801B77 /* splash screen.png */ = {isa = PBXFileReference; lastKnownFileType = image.png; path = "splash screen.png"; sourceTree = "<group>"; };
		97087CCE1D5435FE007182EA /* BMIGraphManager.swift */ = {isa = PBXFileReference; fileEncoding = 4; lastKnownFileType = sourcecode.swift; path = BMIGraphManager.swift; sourceTree = "<group>"; };
		97092DE11D52CFBC007EA57E /* kkh memes.jpg */ = {isa = PBXFileReference; lastKnownFileType = image.jpeg; path = "kkh memes.jpg"; sourceTree = "<group>"; };
		9722E8551D0CEF0E00C6D26F /* CabinCondensed-Bold.ttf */ = {isa = PBXFileReference; lastKnownFileType = file; path = "CabinCondensed-Bold.ttf"; sourceTree = "<group>"; };
		9722E8561D0CEF0E00C6D26F /* CabinCondensed-Medium.ttf */ = {isa = PBXFileReference; lastKnownFileType = file; path = "CabinCondensed-Medium.ttf"; sourceTree = "<group>"; };
		9722E8571D0CEF0E00C6D26F /* CabinCondensed-Regular.ttf */ = {isa = PBXFileReference; lastKnownFileType = file; path = "CabinCondensed-Regular.ttf"; sourceTree = "<group>"; };
		9722E8581D0CEF0E00C6D26F /* CabinCondensed-SemiBold.ttf */ = {isa = PBXFileReference; lastKnownFileType = file; path = "CabinCondensed-SemiBold.ttf"; sourceTree = "<group>"; };
		9722E8591D0CEF2C00C6D26F /* Cabin-Bold.otf */ = {isa = PBXFileReference; lastKnownFileType = file; path = "Cabin-Bold.otf"; sourceTree = "<group>"; };
		9722E85A1D0CEF2C00C6D26F /* Cabin-BoldItalic.otf */ = {isa = PBXFileReference; lastKnownFileType = file; path = "Cabin-BoldItalic.otf"; sourceTree = "<group>"; };
		9722E85B1D0CEF2C00C6D26F /* Cabin-Italic.otf */ = {isa = PBXFileReference; lastKnownFileType = file; path = "Cabin-Italic.otf"; sourceTree = "<group>"; };
		9722E85C1D0CEF2C00C6D26F /* Cabin-Medium.otf */ = {isa = PBXFileReference; lastKnownFileType = file; path = "Cabin-Medium.otf"; sourceTree = "<group>"; };
		9722E85D1D0CEF2C00C6D26F /* Cabin-MediumItalic.otf */ = {isa = PBXFileReference; lastKnownFileType = file; path = "Cabin-MediumItalic.otf"; sourceTree = "<group>"; };
		9722E85E1D0CEF2C00C6D26F /* Cabin-Regular.otf */ = {isa = PBXFileReference; lastKnownFileType = file; path = "Cabin-Regular.otf"; sourceTree = "<group>"; };
		9722E85F1D0CEF2C00C6D26F /* Cabin-SemiBold.otf */ = {isa = PBXFileReference; lastKnownFileType = file; path = "Cabin-SemiBold.otf"; sourceTree = "<group>"; };
		9722E8601D0CEF2C00C6D26F /* Cabin-SemiBoldItalic.otf */ = {isa = PBXFileReference; lastKnownFileType = file; path = "Cabin-SemiBoldItalic.otf"; sourceTree = "<group>"; };
		9722E87D1D0EFF0100C6D26F /* FavViewController.h */ = {isa = PBXFileReference; fileEncoding = 4; lastKnownFileType = sourcecode.c.h; path = FavViewController.h; sourceTree = "<group>"; };
		9722E87E1D0EFF0100C6D26F /* FavViewController.m */ = {isa = PBXFileReference; fileEncoding = 4; lastKnownFileType = sourcecode.c.objc; path = FavViewController.m; sourceTree = "<group>"; };
		972491641D4F395000A9CD91 /* 1.png */ = {isa = PBXFileReference; lastKnownFileType = image.png; path = 1.png; sourceTree = "<group>"; };
		972491651D4F395000A9CD91 /* 2.png */ = {isa = PBXFileReference; lastKnownFileType = image.png; path = 2.png; sourceTree = "<group>"; };
		972491661D4F395000A9CD91 /* 3.png */ = {isa = PBXFileReference; lastKnownFileType = image.png; path = 3.png; sourceTree = "<group>"; };
		972491671D4F395000A9CD91 /* 4.png */ = {isa = PBXFileReference; lastKnownFileType = image.png; path = 4.png; sourceTree = "<group>"; };
		972491681D4F395000A9CD91 /* 5.png */ = {isa = PBXFileReference; lastKnownFileType = image.png; path = 5.png; sourceTree = "<group>"; };
		972491691D4F395000A9CD91 /* 6.png */ = {isa = PBXFileReference; lastKnownFileType = image.png; path = 6.png; sourceTree = "<group>"; };
		9724916A1D4F395000A9CD91 /* 7.png */ = {isa = PBXFileReference; lastKnownFileType = image.png; path = 7.png; sourceTree = "<group>"; };
		972491721D4F3A3600A9CD91 /* TutorialViewController.h */ = {isa = PBXFileReference; fileEncoding = 4; lastKnownFileType = sourcecode.c.h; path = TutorialViewController.h; sourceTree = "<group>"; };
		972491731D4F3A3600A9CD91 /* TutorialViewController.m */ = {isa = PBXFileReference; fileEncoding = 4; lastKnownFileType = sourcecode.c.objc; path = TutorialViewController.m; sourceTree = "<group>"; };
		973E00261D092CD600F7C94A /* QCMethod.m */ = {isa = PBXFileReference; fileEncoding = 4; lastKnownFileType = sourcecode.c.objc; path = QCMethod.m; sourceTree = "<group>"; };
		973E00271D092CD600F7C94A /* QCMethod.h */ = {isa = PBXFileReference; fileEncoding = 4; lastKnownFileType = sourcecode.c.h; path = QCMethod.h; sourceTree = "<group>"; };
		973E002E1D09371B00F7C94A /* animationScheme.h */ = {isa = PBXFileReference; fileEncoding = 4; lastKnownFileType = sourcecode.c.h; path = animationScheme.h; sourceTree = "<group>"; };
		973E002F1D09371B00F7C94A /* animationScheme.m */ = {isa = PBXFileReference; fileEncoding = 4; lastKnownFileType = sourcecode.c.objc; path = animationScheme.m; sourceTree = "<group>"; };
		973E00311D09A2FF00F7C94A /* KKH app-Bridging-Header.h */ = {isa = PBXFileReference; lastKnownFileType = sourcecode.c.h; path = "KKH app-Bridging-Header.h"; sourceTree = "<group>"; };
		973E00321D09A30000F7C94A /* PDFManager.swift */ = {isa = PBXFileReference; fileEncoding = 4; lastKnownFileType = sourcecode.swift; path = PDFManager.swift; sourceTree = "<group>"; };
		974C45641D0A6A2500797BF0 /* webViewPDF\.h */ = {isa = PBXFileReference; fileEncoding = 4; lastKnownFileType = sourcecode.c.h; path = "webViewPDF\\.h"; sourceTree = "<group>"; };
		974C45651D0A6A2500797BF0 /* webViewPDF\.m */ = {isa = PBXFileReference; fileEncoding = 4; lastKnownFileType = sourcecode.c.objc; path = "webViewPDF\\.m"; sourceTree = "<group>"; };
		97612B3D1D3F9D9E004900BE /* DrugCalculationViewController.h */ = {isa = PBXFileReference; fileEncoding = 4; lastKnownFileType = sourcecode.c.h; path = DrugCalculationViewController.h; sourceTree = "<group>"; };
		97612B3E1D3F9D9E004900BE /* DrugCalculationViewController.m */ = {isa = PBXFileReference; fileEncoding = 4; lastKnownFileType = sourcecode.c.objc; path = DrugCalculationViewController.m; sourceTree = "<group>"; };
		976EFB1F1D01C28B0048A4DC /* KKH app.app */ = {isa = PBXFileReference; explicitFileType = wrapper.application; includeInIndex = 0; path = "KKH app.app"; sourceTree = BUILT_PRODUCTS_DIR; };
		976EFB231D01C28B0048A4DC /* main.m */ = {isa = PBXFileReference; lastKnownFileType = sourcecode.c.objc; path = main.m; sourceTree = "<group>"; };
		976EFB251D01C28B0048A4DC /* AppDelegate.h */ = {isa = PBXFileReference; lastKnownFileType = sourcecode.c.h; path = AppDelegate.h; sourceTree = "<group>"; };
		976EFB261D01C28B0048A4DC /* AppDelegate.m */ = {isa = PBXFileReference; lastKnownFileType = sourcecode.c.objc; path = AppDelegate.m; sourceTree = "<group>"; };
		976EFB281D01C28B0048A4DC /* ViewController.h */ = {isa = PBXFileReference; lastKnownFileType = sourcecode.c.h; path = ViewController.h; sourceTree = "<group>"; };
		976EFB291D01C28B0048A4DC /* ViewController.m */ = {isa = PBXFileReference; lastKnownFileType = sourcecode.c.objc; path = ViewController.m; sourceTree = "<group>"; };
		976EFB2C1D01C28B0048A4DC /* Base */ = {isa = PBXFileReference; lastKnownFileType = file.storyboard; name = Base; path = Base.lproj/Main.storyboard; sourceTree = "<group>"; };
		976EFB2E1D01C28B0048A4DC /* Assets.xcassets */ = {isa = PBXFileReference; lastKnownFileType = folder.assetcatalog; path = Assets.xcassets; sourceTree = "<group>"; };
		976EFB311D01C28B0048A4DC /* Base */ = {isa = PBXFileReference; lastKnownFileType = file.storyboard; name = Base; path = Base.lproj/LaunchScreen.storyboard; sourceTree = "<group>"; };
		976EFB331D01C28B0048A4DC /* Info.plist */ = {isa = PBXFileReference; lastKnownFileType = text.plist.xml; path = Info.plist; sourceTree = "<group>"; };
		976EFB381D01C28B0048A4DC /* KKH appUITests.xctest */ = {isa = PBXFileReference; explicitFileType = wrapper.cfbundle; includeInIndex = 0; path = "KKH appUITests.xctest"; sourceTree = BUILT_PRODUCTS_DIR; };
		976EFB3C1D01C28B0048A4DC /* KKH_appUITests.m */ = {isa = PBXFileReference; lastKnownFileType = sourcecode.c.objc; path = KKH_appUITests.m; sourceTree = "<group>"; };
		976EFB3E1D01C28B0048A4DC /* Info.plist */ = {isa = PBXFileReference; lastKnownFileType = text.plist.xml; path = Info.plist; sourceTree = "<group>"; };
		97728A131D6719F7002E4D0C /* 01-Training_Programmes.pdf */ = {isa = PBXFileReference; lastKnownFileType = image.pdf; path = "01-Training_Programmes.pdf"; sourceTree = "<group>"; };
		97728A141D6719F7002E4D0C /* 02-Guidelines_for_the_Provision_of_Anaesthesia.pdf */ = {isa = PBXFileReference; lastKnownFileType = image.pdf; path = "02-Guidelines_for_the_Provision_of_Anaesthesia.pdf"; sourceTree = "<group>"; };
		97728A151D6719F7002E4D0C /* 03-Paediatric_Anaesthesia.pdf */ = {isa = PBXFileReference; lastKnownFileType = image.pdf; path = "03-Paediatric_Anaesthesia.pdf"; sourceTree = "<group>"; };
		97728A161D6719F7002E4D0C /* 04-Equipment_for_Paediatric_Anaestheisa.pdf */ = {isa = PBXFileReference; lastKnownFileType = image.pdf; path = "04-Equipment_for_Paediatric_Anaestheisa.pdf"; sourceTree = "<group>"; };
		97728A171D6719F7002E4D0C /* 05-Neonatal_Anaesthesia.pdf */ = {isa = PBXFileReference; lastKnownFileType = image.pdf; path = "05-Neonatal_Anaesthesia.pdf"; sourceTree = "<group>"; };
		97728A181D6719F7002E4D0C /* 06-Cardiac_Guidelines.pdf */ = {isa = PBXFileReference; lastKnownFileType = image.pdf; path = "06-Cardiac_Guidelines.pdf"; sourceTree = "<group>"; };
		97728A191D6719F7002E4D0C /* 07-ROTEM_Algorithm.pdf */ = {isa = PBXFileReference; lastKnownFileType = image.pdf; path = "07-ROTEM_Algorithm.pdf"; sourceTree = "<group>"; };
		97728A1A1D6719F7002E4D0C /* 08-Cardiac_Checklist.pdf */ = {isa = PBXFileReference; lastKnownFileType = image.pdf; path = "08-Cardiac_Checklist.pdf"; sourceTree = "<group>"; };
		97728A1B1D6719F7002E4D0C /* 09-Cardiac_Calculator.pdf */ = {isa = PBXFileReference; lastKnownFileType = image.pdf; path = "09-Cardiac_Calculator.pdf"; sourceTree = "<group>"; };
		97728A1C1D6719F7002E4D0C /* 10-Antibiotic_Prophylaxis_for_the_Prevention_of_Infective_Endocarditis.pdf */ = {isa = PBXFileReference; lastKnownFileType = image.pdf; path = "10-Antibiotic_Prophylaxis_for_the_Prevention_of_Infective_Endocarditis.pdf"; sourceTree = "<group>"; };
		97728A1D1D6719F7002E4D0C /* 11-Diagnostic_Imaging.pdf */ = {isa = PBXFileReference; lastKnownFileType = image.pdf; path = "11-Diagnostic_Imaging.pdf"; sourceTree = "<group>"; };
		97728A1E1D6719F7002E4D0C /* 12-Sedation_for_oncology_children.pdf */ = {isa = PBXFileReference; lastKnownFileType = image.pdf; path = "12-Sedation_for_oncology_children.pdf"; sourceTree = "<group>"; };
		97728A1F1D6719F7002E4D0C /* 13-Regional_Anaesthesia.pdf */ = {isa = PBXFileReference; lastKnownFileType = image.pdf; path = "13-Regional_Anaesthesia.pdf"; sourceTree = "<group>"; };
		97728A201D6719F7002E4D0C /* 14-Patient_Transport.pdf */ = {isa = PBXFileReference; lastKnownFileType = image.pdf; path = "14-Patient_Transport.pdf"; sourceTree = "<group>"; };
		97728A211D6719F7002E4D0C /* 15-Dosages_in_Paediatric_Anaesthesia.pdf */ = {isa = PBXFileReference; lastKnownFileType = image.pdf; path = "15-Dosages_in_Paediatric_Anaesthesia.pdf"; sourceTree = "<group>"; };
		97728A221D6719F7002E4D0C /* 16-Antibiotics.pdf */ = {isa = PBXFileReference; lastKnownFileType = image.pdf; path = "16-Antibiotics.pdf"; sourceTree = "<group>"; };
		97728A231D6719F7002E4D0C /* 17-Transfusion_in_Children.pdf */ = {isa = PBXFileReference; lastKnownFileType = image.pdf; path = "17-Transfusion_in_Children.pdf"; sourceTree = "<group>"; };
		97728A241D6719F7002E4D0C /* 18-Paediatric_Massive_Transfusion_Protocol.pdf */ = {isa = PBXFileReference; lastKnownFileType = image.pdf; path = "18-Paediatric_Massive_Transfusion_Protocol.pdf"; sourceTree = "<group>"; };
		97728A251D6719F7002E4D0C /* 19-Laboratory_Data.pdf */ = {isa = PBXFileReference; lastKnownFileType = image.pdf; path = "19-Laboratory_Data.pdf"; sourceTree = "<group>"; };
		97728A261D6719F7002E4D0C /* 20-Fluid_Recommendations.pdf */ = {isa = PBXFileReference; lastKnownFileType = image.pdf; path = "20-Fluid_Recommendations.pdf"; sourceTree = "<group>"; };
		97728A271D6719F7002E4D0C /* 21-Common_Crisis.pdf */ = {isa = PBXFileReference; lastKnownFileType = image.pdf; path = "21-Common_Crisis.pdf"; sourceTree = "<group>"; };
		97728A281D6719F7002E4D0C /* 22-Algorithms.pdf */ = {isa = PBXFileReference; lastKnownFileType = image.pdf; path = "22-Algorithms.pdf"; sourceTree = "<group>"; };
		97728A291D6719F7002E4D0C /* 23-Acute_Pain.pdf */ = {isa = PBXFileReference; lastKnownFileType = image.pdf; path = "23-Acute_Pain.pdf"; sourceTree = "<group>"; };
		97728A2A1D6719F7002E4D0C /* 24-Chronic_Pain.pdf */ = {isa = PBXFileReference; lastKnownFileType = image.pdf; path = "24-Chronic_Pain.pdf"; sourceTree = "<group>"; };
		9777BF701D433C8200F82DA4 /* soundE.mp3 */ = {isa = PBXFileReference; lastKnownFileType = audio.mp3; path = soundE.mp3; sourceTree = "<group>"; };
		9777BF761D435C6F00F82DA4 /* BMIPercentileViewController.h */ = {isa = PBXFileReference; fileEncoding = 4; lastKnownFileType = sourcecode.c.h; path = BMIPercentileViewController.h; sourceTree = "<group>"; };
		9777BF771D435C6F00F82DA4 /* BMIPercentileViewController.m */ = {isa = PBXFileReference; fileEncoding = 4; lastKnownFileType = sourcecode.c.objc; path = BMIPercentileViewController.m; sourceTree = "<group>"; };
		979782EF1D1D8E7100BAF670 /* splashAnimate.h */ = {isa = PBXFileReference; fileEncoding = 4; lastKnownFileType = sourcecode.c.h; path = splashAnimate.h; sourceTree = "<group>"; };
		979782F01D1D8E7100BAF670 /* splashAnimate.m */ = {isa = PBXFileReference; fileEncoding = 4; lastKnownFileType = sourcecode.c.objc; path = splashAnimate.m; sourceTree = "<group>"; };
		979782F21D1D8EBC00BAF670 /* SplashViewController.h */ = {isa = PBXFileReference; fileEncoding = 4; lastKnownFileType = sourcecode.c.h; path = SplashViewController.h; sourceTree = "<group>"; };
		979782F31D1D8EBC00BAF670 /* SplashViewController.m */ = {isa = PBXFileReference; fileEncoding = 4; lastKnownFileType = sourcecode.c.objc; path = SplashViewController.m; sourceTree = "<group>"; };
		979782F71D1E1C6C00BAF670 /* AboutUsViewController.h */ = {isa = PBXFileReference; fileEncoding = 4; lastKnownFileType = sourcecode.c.h; path = AboutUsViewController.h; sourceTree = "<group>"; };
		979782F81D1E1C6C00BAF670 /* AboutUsViewController.m */ = {isa = PBXFileReference; fileEncoding = 4; lastKnownFileType = sourcecode.c.objc; path = AboutUsViewController.m; sourceTree = "<group>"; };
		979782FB1D1F8DEB00BAF670 /* DrugCalculationsManager.swift */ = {isa = PBXFileReference; fileEncoding = 4; lastKnownFileType = sourcecode.swift; path = DrugCalculationsManager.swift; sourceTree = "<group>"; };
		979782FC1D1F8DEB00BAF670 /* DrugList.csv */ = {isa = PBXFileReference; fileEncoding = 4; lastKnownFileType = text; path = DrugList.csv; sourceTree = "<group>"; };
		97BCF2C31D13955600891F74 /* SettingsViewController.h */ = {isa = PBXFileReference; fileEncoding = 4; lastKnownFileType = sourcecode.c.h; path = SettingsViewController.h; sourceTree = "<group>"; };
		97BCF2C41D13955600891F74 /* SettingsViewController.m */ = {isa = PBXFileReference; fileEncoding = 4; lastKnownFileType = sourcecode.c.objc; path = SettingsViewController.m; sourceTree = "<group>"; };
		97FB27BF1D06D69000EF2845 /* Calculator.h */ = {isa = PBXFileReference; fileEncoding = 4; lastKnownFileType = sourcecode.c.h; path = Calculator.h; sourceTree = "<group>"; };
		97FB27C01D06D69000EF2845 /* Calculator.m */ = {isa = PBXFileReference; fileEncoding = 4; lastKnownFileType = sourcecode.c.objc; path = Calculator.m; sourceTree = "<group>"; };
		97FED15A1D5095B8000B7703 /* inc_hq.jpg */ = {isa = PBXFileReference; lastKnownFileType = image.jpeg; path = inc_hq.jpg; sourceTree = "<group>"; };
/* End PBXFileReference section */

/* Begin PBXFrameworksBuildPhase section */
		976EFB1C1D01C28B0048A4DC /* Frameworks */ = {
			isa = PBXFrameworksBuildPhase;
			buildActionMask = 2147483647;
			files = (
			);
			runOnlyForDeploymentPostprocessing = 0;
		};
		976EFB351D01C28B0048A4DC /* Frameworks */ = {
			isa = PBXFrameworksBuildPhase;
			buildActionMask = 2147483647;
			files = (
			);
			runOnlyForDeploymentPostprocessing = 0;
		};
/* End PBXFrameworksBuildPhase section */

/* Begin PBXGroup section */
		9722E8541D0CEF0300C6D26F /* font */ = {
			isa = PBXGroup;
			children = (
				9722E8591D0CEF2C00C6D26F /* Cabin-Bold.otf */,
				9722E85A1D0CEF2C00C6D26F /* Cabin-BoldItalic.otf */,
				9722E85B1D0CEF2C00C6D26F /* Cabin-Italic.otf */,
				9722E85C1D0CEF2C00C6D26F /* Cabin-Medium.otf */,
				9722E85D1D0CEF2C00C6D26F /* Cabin-MediumItalic.otf */,
				9722E85E1D0CEF2C00C6D26F /* Cabin-Regular.otf */,
				9722E85F1D0CEF2C00C6D26F /* Cabin-SemiBold.otf */,
				9722E8601D0CEF2C00C6D26F /* Cabin-SemiBoldItalic.otf */,
				9722E8551D0CEF0E00C6D26F /* CabinCondensed-Bold.ttf */,
				9722E8561D0CEF0E00C6D26F /* CabinCondensed-Medium.ttf */,
				9722E8571D0CEF0E00C6D26F /* CabinCondensed-Regular.ttf */,
				9722E8581D0CEF0E00C6D26F /* CabinCondensed-SemiBold.ttf */,
			);
			name = font;
			sourceTree = "<group>";
		};
		9722E86D1D0CF8F000C6D26F /* Ref */ = {
			isa = PBXGroup;
			children = (
				976EFB281D01C28B0048A4DC /* ViewController.h */,
				976EFB291D01C28B0048A4DC /* ViewController.m */,
				974C45641D0A6A2500797BF0 /* webViewPDF\.h */,
				974C45651D0A6A2500797BF0 /* webViewPDF\.m */,
			);
			name = Ref;
			sourceTree = "<group>";
		};
		9722E86E1D0CF8F700C6D26F /* animation */ = {
			isa = PBXGroup;
			children = (
				979782EF1D1D8E7100BAF670 /* splashAnimate.h */,
				979782F01D1D8E7100BAF670 /* splashAnimate.m */,
				973E002E1D09371B00F7C94A /* animationScheme.h */,
				973E002F1D09371B00F7C94A /* animationScheme.m */,
				973E00261D092CD600F7C94A /* QCMethod.m */,
				973E00271D092CD600F7C94A /* QCMethod.h */,
			);
			name = animation;
			sourceTree = "<group>";
		};
		9722E86F1D0CF90F00C6D26F /* calculation */ = {
			isa = PBXGroup;
			children = (
				97087CCE1D5435FE007182EA /* BMIGraphManager.swift */,
				979782FB1D1F8DEB00BAF670 /* DrugCalculationsManager.swift */,
				979782FC1D1F8DEB00BAF670 /* DrugList.csv */,
				97FB27BF1D06D69000EF2845 /* Calculator.h */,
				97FB27C01D06D69000EF2845 /* Calculator.m */,
				97612B3D1D3F9D9E004900BE /* DrugCalculationViewController.h */,
				97612B3E1D3F9D9E004900BE /* DrugCalculationViewController.m */,
				9777BF761D435C6F00F82DA4 /* BMIPercentileViewController.h */,
				9777BF771D435C6F00F82DA4 /* BMIPercentileViewController.m */,
			);
			name = calculation;
			sourceTree = "<group>";
		};
		972491631D4F395000A9CD91 /* TutorialImgs */ = {
			isa = PBXGroup;
			children = (
				972491641D4F395000A9CD91 /* 1.png */,
				972491651D4F395000A9CD91 /* 2.png */,
				972491661D4F395000A9CD91 /* 3.png */,
				972491671D4F395000A9CD91 /* 4.png */,
				972491681D4F395000A9CD91 /* 5.png */,
				972491691D4F395000A9CD91 /* 6.png */,
				9724916A1D4F395000A9CD91 /* 7.png */,
			);
			path = TutorialImgs;
			sourceTree = "<group>";
		};
		976EFB161D01C28B0048A4DC = {
			isa = PBXGroup;
			children = (
				976EFB211D01C28B0048A4DC /* KKH app */,
				976EFB3B1D01C28B0048A4DC /* KKH appUITests */,
				976EFB201D01C28B0048A4DC /* Products */,
			);
			sourceTree = "<group>";
		};
		976EFB201D01C28B0048A4DC /* Products */ = {
			isa = PBXGroup;
			children = (
				976EFB1F1D01C28B0048A4DC /* KKH app.app */,
				976EFB381D01C28B0048A4DC /* KKH appUITests.xctest */,
			);
			name = Products;
			sourceTree = "<group>";
		};
		976EFB211D01C28B0048A4DC /* KKH app */ = {
			isa = PBXGroup;
			children = (
				976EFB251D01C28B0048A4DC /* AppDelegate.h */,
				976EFB261D01C28B0048A4DC /* AppDelegate.m */,
				973E00311D09A2FF00F7C94A /* KKH app-Bridging-Header.h */,
				97FED15A1D5095B8000B7703 /* inc_hq.jpg */,
				973E00321D09A30000F7C94A /* PDFManager.swift */,
				9722E86E1D0CF8F700C6D26F /* animation */,
				9722E8541D0CEF0300C6D26F /* font */,
				9706EBA01D4CFC3A00801B77 /* splash screen.png */,
				976EFB2B1D01C28B0048A4DC /* Main.storyboard */,
				976EFB2E1D01C28B0048A4DC /* Assets.xcassets */,
				976EFB301D01C28B0048A4DC /* LaunchScreen.storyboard */,
				976EFB331D01C28B0048A4DC /* Info.plist */,
				972491631D4F395000A9CD91 /* TutorialImgs */,
				979782CC1D1A87E800BAF670 /* PDFs */,
				976EFB221D01C28B0048A4DC /* Supporting Files */,
				9722E86D1D0CF8F000C6D26F /* Ref */,
				9722E86F1D0CF90F00C6D26F /* calculation */,
				9722E87D1D0EFF0100C6D26F /* FavViewController.h */,
				9722E87E1D0EFF0100C6D26F /* FavViewController.m */,
				97BCF2C31D13955600891F74 /* SettingsViewController.h */,
				97BCF2C41D13955600891F74 /* SettingsViewController.m */,
				979782F21D1D8EBC00BAF670 /* SplashViewController.h */,
				979782F31D1D8EBC00BAF670 /* SplashViewController.m */,
				979782F71D1E1C6C00BAF670 /* AboutUsViewController.h */,
				979782F81D1E1C6C00BAF670 /* AboutUsViewController.m */,
				9703E68C1D29367A00C72EF3 /* Secure_.h */,
				9703E68D1D29367A00C72EF3 /* Secure_.m */,
				9777BF701D433C8200F82DA4 /* soundE.mp3 */,
				972491721D4F3A3600A9CD91 /* TutorialViewController.h */,
				972491731D4F3A3600A9CD91 /* TutorialViewController.m */,
				97092DE11D52CFBC007EA57E /* kkh memes.jpg */,
			);
			path = "KKH app";
			sourceTree = "<group>";
		};
		976EFB221D01C28B0048A4DC /* Supporting Files */ = {
			isa = PBXGroup;
			children = (
				976EFB231D01C28B0048A4DC /* main.m */,
			);
			name = "Supporting Files";
			sourceTree = "<group>";
		};
		976EFB3B1D01C28B0048A4DC /* KKH appUITests */ = {
			isa = PBXGroup;
			children = (
				976EFB3C1D01C28B0048A4DC /* KKH_appUITests.m */,
				976EFB3E1D01C28B0048A4DC /* Info.plist */,
			);
			path = "KKH appUITests";
			sourceTree = "<group>";
		};
		979782CC1D1A87E800BAF670 /* PDFs */ = {
			isa = PBXGroup;
			children = (
				97728A131D6719F7002E4D0C /* 01-Training_Programmes.pdf */,
				97728A141D6719F7002E4D0C /* 02-Guidelines_for_the_Provision_of_Anaesthesia.pdf */,
				97728A151D6719F7002E4D0C /* 03-Paediatric_Anaesthesia.pdf */,
				97728A161D6719F7002E4D0C /* 04-Equipment_for_Paediatric_Anaestheisa.pdf */,
				97728A171D6719F7002E4D0C /* 05-Neonatal_Anaesthesia.pdf */,
				97728A181D6719F7002E4D0C /* 06-Cardiac_Guidelines.pdf */,
				97728A191D6719F7002E4D0C /* 07-ROTEM_Algorithm.pdf */,
				97728A1A1D6719F7002E4D0C /* 08-Cardiac_Checklist.pdf */,
				97728A1B1D6719F7002E4D0C /* 09-Cardiac_Calculator.pdf */,
				97728A1C1D6719F7002E4D0C /* 10-Antibiotic_Prophylaxis_for_the_Prevention_of_Infective_Endocarditis.pdf */,
				97728A1D1D6719F7002E4D0C /* 11-Diagnostic_Imaging.pdf */,
				97728A1E1D6719F7002E4D0C /* 12-Sedation_for_oncology_children.pdf */,
				97728A1F1D6719F7002E4D0C /* 13-Regional_Anaesthesia.pdf */,
				97728A201D6719F7002E4D0C /* 14-Patient_Transport.pdf */,
				97728A211D6719F7002E4D0C /* 15-Dosages_in_Paediatric_Anaesthesia.pdf */,
				97728A221D6719F7002E4D0C /* 16-Antibiotics.pdf */,
				97728A231D6719F7002E4D0C /* 17-Transfusion_in_Children.pdf */,
				97728A241D6719F7002E4D0C /* 18-Paediatric_Massive_Transfusion_Protocol.pdf */,
				97728A251D6719F7002E4D0C /* 19-Laboratory_Data.pdf */,
				97728A261D6719F7002E4D0C /* 20-Fluid_Recommendations.pdf */,
				97728A271D6719F7002E4D0C /* 21-Common_Crisis.pdf */,
				97728A281D6719F7002E4D0C /* 22-Algorithms.pdf */,
				97728A291D6719F7002E4D0C /* 23-Acute_Pain.pdf */,
				97728A2A1D6719F7002E4D0C /* 24-Chronic_Pain.pdf */,
			);
			path = PDFs;
			sourceTree = "<group>";
		};
/* End PBXGroup section */

/* Begin PBXNativeTarget section */
		976EFB1E1D01C28B0048A4DC /* KKH app */ = {
			isa = PBXNativeTarget;
			buildConfigurationList = 976EFB411D01C28B0048A4DC /* Build configuration list for PBXNativeTarget "KKH app" */;
			buildPhases = (
				976EFB1B1D01C28B0048A4DC /* Sources */,
				976EFB1C1D01C28B0048A4DC /* Frameworks */,
				976EFB1D1D01C28B0048A4DC /* Resources */,
			);
			buildRules = (
			);
			dependencies = (
			);
			name = "KKH app";
			productName = "KKH app";
			productReference = 976EFB1F1D01C28B0048A4DC /* KKH app.app */;
			productType = "com.apple.product-type.application";
		};
		976EFB371D01C28B0048A4DC /* KKH appUITests */ = {
			isa = PBXNativeTarget;
			buildConfigurationList = 976EFB441D01C28B0048A4DC /* Build configuration list for PBXNativeTarget "KKH appUITests" */;
			buildPhases = (
				976EFB341D01C28B0048A4DC /* Sources */,
				976EFB351D01C28B0048A4DC /* Frameworks */,
				976EFB361D01C28B0048A4DC /* Resources */,
			);
			buildRules = (
			);
			dependencies = (
				976EFB3A1D01C28B0048A4DC /* PBXTargetDependency */,
			);
			name = "KKH appUITests";
			productName = "KKH appUITests";
			productReference = 976EFB381D01C28B0048A4DC /* KKH appUITests.xctest */;
			productType = "com.apple.product-type.bundle.ui-testing";
		};
/* End PBXNativeTarget section */

/* Begin PBXProject section */
		976EFB171D01C28B0048A4DC /* Project object */ = {
			isa = PBXProject;
			attributes = {
				LastUpgradeCheck = 0730;
				ORGANIZATIONNAME = tangentinc.;
				TargetAttributes = {
					976EFB1E1D01C28B0048A4DC = {
						CreatedOnToolsVersion = 7.3;
						DevelopmentTeam = 7K6ZTDFM48;
						LastSwiftMigration = 0800;
					};
					976EFB371D01C28B0048A4DC = {
						CreatedOnToolsVersion = 7.3;
						TestTargetID = 976EFB1E1D01C28B0048A4DC;
					};
				};
			};
			buildConfigurationList = 976EFB1A1D01C28B0048A4DC /* Build configuration list for PBXProject "KKH app" */;
			compatibilityVersion = "Xcode 3.2";
			developmentRegion = English;
			hasScannedForEncodings = 0;
			knownRegions = (
				en,
				Base,
			);
			mainGroup = 976EFB161D01C28B0048A4DC;
			productRefGroup = 976EFB201D01C28B0048A4DC /* Products */;
			projectDirPath = "";
			projectRoot = "";
			targets = (
				976EFB1E1D01C28B0048A4DC /* KKH app */,
				976EFB371D01C28B0048A4DC /* KKH appUITests */,
			);
		};
/* End PBXProject section */

/* Begin PBXResourcesBuildPhase section */
		976EFB1D1D01C28B0048A4DC /* Resources */ = {
			isa = PBXResourcesBuildPhase;
			buildActionMask = 2147483647;
			files = (
				9722E8621D0CF16300C6D26F /* Cabin-BoldItalic.otf in Resources */,
				97728A3F1D6719F7002E4D0C /* 21-Common_Crisis.pdf in Resources */,
				9724916D1D4F395000A9CD91 /* 3.png in Resources */,
				97728A2E1D6719F7002E4D0C /* 04-Equipment_for_Paediatric_Anaestheisa.pdf in Resources */,
				97092DE21D52CFBC007EA57E /* kkh memes.jpg in Resources */,
				9722E8631D0CF16300C6D26F /* Cabin-Italic.otf in Resources */,
				972491701D4F395000A9CD91 /* 6.png in Resources */,
				9722E8641D0CF16300C6D26F /* Cabin-Medium.otf in Resources */,
				9706EBA11D4CFC3A00801B77 /* splash screen.png in Resources */,
				979782FE1D1F8DEB00BAF670 /* DrugList.csv in Resources */,
				97728A321D6719F7002E4D0C /* 08-Cardiac_Checklist.pdf in Resources */,
				9722E8651D0CF16300C6D26F /* Cabin-MediumItalic.otf in Resources */,
				97728A331D6719F7002E4D0C /* 09-Cardiac_Calculator.pdf in Resources */,
				9722E8661D0CF16300C6D26F /* Cabin-Regular.otf in Resources */,
				9722E8671D0CF16300C6D26F /* Cabin-SemiBold.otf in Resources */,
				97728A2F1D6719F7002E4D0C /* 05-Neonatal_Anaesthesia.pdf in Resources */,
				97728A341D6719F7002E4D0C /* 10-Antibiotic_Prophylaxis_for_the_Prevention_of_Infective_Endocarditis.pdf in Resources */,
				97728A2C1D6719F7002E4D0C /* 02-Guidelines_for_the_Provision_of_Anaesthesia.pdf in Resources */,
				9724916B1D4F395000A9CD91 /* 1.png in Resources */,
				9722E8681D0CF16300C6D26F /* Cabin-SemiBoldItalic.otf in Resources */,
				97728A381D6719F7002E4D0C /* 14-Patient_Transport.pdf in Resources */,
				9724916C1D4F395000A9CD91 /* 2.png in Resources */,
				97728A421D6719F7002E4D0C /* 24-Chronic_Pain.pdf in Resources */,
				97728A351D6719F7002E4D0C /* 11-Diagnostic_Imaging.pdf in Resources */,
				97728A3E1D6719F7002E4D0C /* 20-Fluid_Recommendations.pdf in Resources */,
				9722E8691D0CF16300C6D26F /* CabinCondensed-Bold.ttf in Resources */,
				9722E86A1D0CF16300C6D26F /* CabinCondensed-Medium.ttf in Resources */,
				97728A2B1D6719F7002E4D0C /* 01-Training_Programmes.pdf in Resources */,
				9722E86B1D0CF16300C6D26F /* CabinCondensed-Regular.ttf in Resources */,
				97728A301D6719F7002E4D0C /* 06-Cardiac_Guidelines.pdf in Resources */,
				97728A3D1D6719F7002E4D0C /* 19-Laboratory_Data.pdf in Resources */,
				97728A391D6719F7002E4D0C /* 15-Dosages_in_Paediatric_Anaesthesia.pdf in Resources */,
				9777BF711D433C8200F82DA4 /* soundE.mp3 in Resources */,
				9722E86C1D0CF16300C6D26F /* CabinCondensed-SemiBold.ttf in Resources */,
				97728A3C1D6719F7002E4D0C /* 18-Paediatric_Massive_Transfusion_Protocol.pdf in Resources */,
				97728A411D6719F7002E4D0C /* 23-Acute_Pain.pdf in Resources */,
				9722E8611D0CF15C00C6D26F /* Cabin-Bold.otf in Resources */,
				97728A311D6719F7002E4D0C /* 07-ROTEM_Algorithm.pdf in Resources */,
				972491711D4F395000A9CD91 /* 7.png in Resources */,
				97728A3B1D6719F7002E4D0C /* 17-Transfusion_in_Children.pdf in Resources */,
				976EFB321D01C28B0048A4DC /* LaunchScreen.storyboard in Resources */,
				97728A361D6719F7002E4D0C /* 12-Sedation_for_oncology_children.pdf in Resources */,
				9724916E1D4F395000A9CD91 /* 4.png in Resources */,
				97728A3A1D6719F7002E4D0C /* 16-Antibiotics.pdf in Resources */,
				97728A371D6719F7002E4D0C /* 13-Regional_Anaesthesia.pdf in Resources */,
				97FED15B1D5095B8000B7703 /* inc_hq.jpg in Resources */,
				976EFB2F1D01C28B0048A4DC /* Assets.xcassets in Resources */,
				9724916F1D4F395000A9CD91 /* 5.png in Resources */,
				97728A2D1D6719F7002E4D0C /* 03-Paediatric_Anaesthesia.pdf in Resources */,
				97728A401D6719F7002E4D0C /* 22-Algorithms.pdf in Resources */,
				976EFB2D1D01C28B0048A4DC /* Main.storyboard in Resources */,
			);
			runOnlyForDeploymentPostprocessing = 0;
		};
		976EFB361D01C28B0048A4DC /* Resources */ = {
			isa = PBXResourcesBuildPhase;
			buildActionMask = 2147483647;
			files = (
			);
			runOnlyForDeploymentPostprocessing = 0;
		};
/* End PBXResourcesBuildPhase section */

/* Begin PBXSourcesBuildPhase section */
		976EFB1B1D01C28B0048A4DC /* Sources */ = {
			isa = PBXSourcesBuildPhase;
			buildActionMask = 2147483647;
			files = (
				976EFB2A1D01C28B0048A4DC /* ViewController.m in Sources */,
				979782F91D1E1C6C00BAF670 /* AboutUsViewController.m in Sources */,
				973E00331D09A30000F7C94A /* PDFManager.swift in Sources */,
				979782F11D1D8E7100BAF670 /* splashAnimate.m in Sources */,
				973E00301D09371B00F7C94A /* animationScheme.m in Sources */,
				97BCF2C51D13955600891F74 /* SettingsViewController.m in Sources */,
				973E00291D092CD600F7C94A /* QCMethod.m in Sources */,
				97FB27C11D06D69000EF2845 /* Calculator.m in Sources */,
				9703E68E1D29367A00C72EF3 /* Secure_.m in Sources */,
				9722E87F1D0EFF0100C6D26F /* FavViewController.m in Sources */,
				972491741D4F3A3600A9CD91 /* TutorialViewController.m in Sources */,
				97612B3F1D3F9D9E004900BE /* DrugCalculationViewController.m in Sources */,
				9777BF781D435C6F00F82DA4 /* BMIPercentileViewController.m in Sources */,
				976EFB271D01C28B0048A4DC /* AppDelegate.m in Sources */,
				976EFB241D01C28B0048A4DC /* main.m in Sources */,
				974C45661D0A6A2500797BF0 /* webViewPDF\.m in Sources */,
				979782F41D1D8EBC00BAF670 /* SplashViewController.m in Sources */,
				97087CCF1D5435FE007182EA /* BMIGraphManager.swift in Sources */,
				979782FD1D1F8DEB00BAF670 /* DrugCalculationsManager.swift in Sources */,
			);
			runOnlyForDeploymentPostprocessing = 0;
		};
		976EFB341D01C28B0048A4DC /* Sources */ = {
			isa = PBXSourcesBuildPhase;
			buildActionMask = 2147483647;
			files = (
				976EFB3D1D01C28B0048A4DC /* KKH_appUITests.m in Sources */,
			);
			runOnlyForDeploymentPostprocessing = 0;
		};
/* End PBXSourcesBuildPhase section */

/* Begin PBXTargetDependency section */
		976EFB3A1D01C28B0048A4DC /* PBXTargetDependency */ = {
			isa = PBXTargetDependency;
			target = 976EFB1E1D01C28B0048A4DC /* KKH app */;
			targetProxy = 976EFB391D01C28B0048A4DC /* PBXContainerItemProxy */;
		};
/* End PBXTargetDependency section */

/* Begin PBXVariantGroup section */
		976EFB2B1D01C28B0048A4DC /* Main.storyboard */ = {
			isa = PBXVariantGroup;
			children = (
				976EFB2C1D01C28B0048A4DC /* Base */,
			);
			name = Main.storyboard;
			sourceTree = "<group>";
		};
		976EFB301D01C28B0048A4DC /* LaunchScreen.storyboard */ = {
			isa = PBXVariantGroup;
			children = (
				976EFB311D01C28B0048A4DC /* Base */,
			);
			name = LaunchScreen.storyboard;
			sourceTree = "<group>";
		};
/* End PBXVariantGroup section */

/* Begin XCBuildConfiguration section */
		976EFB3F1D01C28B0048A4DC /* Debug */ = {
			isa = XCBuildConfiguration;
			buildSettings = {
				ALWAYS_SEARCH_USER_PATHS = NO;
				CLANG_ANALYZER_NONNULL = YES;
				CLANG_CXX_LANGUAGE_STANDARD = "gnu++0x";
				CLANG_CXX_LIBRARY = "libc++";
				CLANG_ENABLE_MODULES = YES;
				CLANG_ENABLE_OBJC_ARC = YES;
				CLANG_WARN_BOOL_CONVERSION = YES;
				CLANG_WARN_CONSTANT_CONVERSION = YES;
				CLANG_WARN_DIRECT_OBJC_ISA_USAGE = YES_ERROR;
				CLANG_WARN_EMPTY_BODY = YES;
				CLANG_WARN_ENUM_CONVERSION = YES;
				CLANG_WARN_INT_CONVERSION = YES;
				CLANG_WARN_OBJC_ROOT_CLASS = YES_ERROR;
				CLANG_WARN_UNREACHABLE_CODE = YES;
				CLANG_WARN__DUPLICATE_METHOD_MATCH = YES;
				"CODE_SIGN_IDENTITY[sdk=iphoneos*]" = "iPhone Developer";
				COPY_PHASE_STRIP = NO;
				DEBUG_INFORMATION_FORMAT = dwarf;
				ENABLE_STRICT_OBJC_MSGSEND = YES;
				ENABLE_TESTABILITY = YES;
				GCC_C_LANGUAGE_STANDARD = gnu99;
				GCC_DYNAMIC_NO_PIC = NO;
				GCC_NO_COMMON_BLOCKS = YES;
				GCC_OPTIMIZATION_LEVEL = 0;
				GCC_PREPROCESSOR_DEFINITIONS = (
					"DEBUG=1",
					"$(inherited)",
				);
				GCC_WARN_64_TO_32_BIT_CONVERSION = YES;
				GCC_WARN_ABOUT_RETURN_TYPE = YES_ERROR;
				GCC_WARN_UNDECLARED_SELECTOR = YES;
				GCC_WARN_UNINITIALIZED_AUTOS = YES_AGGRESSIVE;
				GCC_WARN_UNUSED_FUNCTION = YES;
				GCC_WARN_UNUSED_VARIABLE = YES;
				IPHONEOS_DEPLOYMENT_TARGET = 9.3;
				MTL_ENABLE_DEBUG_INFO = YES;
				ONLY_ACTIVE_ARCH = YES;
				SDKROOT = iphoneos;
			};
			name = Debug;
		};
		976EFB401D01C28B0048A4DC /* Release */ = {
			isa = XCBuildConfiguration;
			buildSettings = {
				ALWAYS_SEARCH_USER_PATHS = NO;
				CLANG_ANALYZER_NONNULL = YES;
				CLANG_CXX_LANGUAGE_STANDARD = "gnu++0x";
				CLANG_CXX_LIBRARY = "libc++";
				CLANG_ENABLE_MODULES = YES;
				CLANG_ENABLE_OBJC_ARC = YES;
				CLANG_WARN_BOOL_CONVERSION = YES;
				CLANG_WARN_CONSTANT_CONVERSION = YES;
				CLANG_WARN_DIRECT_OBJC_ISA_USAGE = YES_ERROR;
				CLANG_WARN_EMPTY_BODY = YES;
				CLANG_WARN_ENUM_CONVERSION = YES;
				CLANG_WARN_INT_CONVERSION = YES;
				CLANG_WARN_OBJC_ROOT_CLASS = YES_ERROR;
				CLANG_WARN_UNREACHABLE_CODE = YES;
				CLANG_WARN__DUPLICATE_METHOD_MATCH = YES;
				"CODE_SIGN_IDENTITY[sdk=iphoneos*]" = "iPhone Developer";
				COPY_PHASE_STRIP = NO;
				DEBUG_INFORMATION_FORMAT = "dwarf-with-dsym";
				ENABLE_NS_ASSERTIONS = NO;
				ENABLE_STRICT_OBJC_MSGSEND = YES;
				GCC_C_LANGUAGE_STANDARD = gnu99;
				GCC_NO_COMMON_BLOCKS = YES;
				GCC_WARN_64_TO_32_BIT_CONVERSION = YES;
				GCC_WARN_ABOUT_RETURN_TYPE = YES_ERROR;
				GCC_WARN_UNDECLARED_SELECTOR = YES;
				GCC_WARN_UNINITIALIZED_AUTOS = YES_AGGRESSIVE;
				GCC_WARN_UNUSED_FUNCTION = YES;
				GCC_WARN_UNUSED_VARIABLE = YES;
				IPHONEOS_DEPLOYMENT_TARGET = 9.3;
				MTL_ENABLE_DEBUG_INFO = NO;
				SDKROOT = iphoneos;
				VALIDATE_PRODUCT = YES;
			};
			name = Release;
		};
		976EFB421D01C28B0048A4DC /* Debug */ = {
			isa = XCBuildConfiguration;
			buildSettings = {
				ASSETCATALOG_COMPILER_APPICON_NAME = AppIcon;
				CLANG_ENABLE_MODULES = YES;
				CODE_SIGN_IDENTITY = "iPhone Developer";
				"CODE_SIGN_IDENTITY[sdk=iphoneos*]" = "iPhone Developer";
				DEVELOPMENT_TEAM = 7K6ZTDFM48;
				EMBEDDED_CONTENT_CONTAINS_SWIFT = YES;
				INFOPLIST_FILE = "KKH app/Info.plist";
				IPHONEOS_DEPLOYMENT_TARGET = 9.1;
				LD_RUNPATH_SEARCH_PATHS = "$(inherited) @executable_path/Frameworks";
				PRODUCT_BUNDLE_IDENTIFIER = "com.seanlim.KKH-app";
				PRODUCT_NAME = "$(TARGET_NAME)";
				PROVISIONING_PROFILE = "";
				SWIFT_OBJC_BRIDGING_HEADER = "KKH app/KKH app-Bridging-Header.h";
				SWIFT_OPTIMIZATION_LEVEL = "-Onone";
				SWIFT_VERSION = 3.0;
				TARGETED_DEVICE_FAMILY = 1;
			};
			name = Debug;
		};
		976EFB431D01C28B0048A4DC /* Release */ = {
			isa = XCBuildConfiguration;
			buildSettings = {
				ASSETCATALOG_COMPILER_APPICON_NAME = AppIcon;
				CLANG_ENABLE_MODULES = YES;
				CODE_SIGN_IDENTITY = "iPhone Developer";
				"CODE_SIGN_IDENTITY[sdk=iphoneos*]" = "iPhone Developer";
				DEVELOPMENT_TEAM = 7K6ZTDFM48;
				EMBEDDED_CONTENT_CONTAINS_SWIFT = YES;
				INFOPLIST_FILE = "KKH app/Info.plist";
				IPHONEOS_DEPLOYMENT_TARGET = 9.1;
				LD_RUNPATH_SEARCH_PATHS = "$(inherited) @executable_path/Frameworks";
				PRODUCT_BUNDLE_IDENTIFIER = "com.seanlim.KKH-app";
				PRODUCT_NAME = "$(TARGET_NAME)";
				PROVISIONING_PROFILE = "";
				SWIFT_OBJC_BRIDGING_HEADER = "KKH app/KKH app-Bridging-Header.h";
				SWIFT_VERSION = 3.0;
				TARGETED_DEVICE_FAMILY = 1;
			};
			name = Release;
		};
		976EFB451D01C28B0048A4DC /* Debug */ = {
			isa = XCBuildConfiguration;
			buildSettings = {
				INFOPLIST_FILE = "KKH appUITests/Info.plist";
				LD_RUNPATH_SEARCH_PATHS = "$(inherited) @executable_path/Frameworks @loader_path/Frameworks";
				PRODUCT_BUNDLE_IDENTIFIER = "com.seanlim.KKH-appUITests";
				PRODUCT_NAME = "$(TARGET_NAME)";
				TEST_TARGET_NAME = "KKH app";
			};
			name = Debug;
		};
		976EFB461D01C28B0048A4DC /* Release */ = {
			isa = XCBuildConfiguration;
			buildSettings = {
				INFOPLIST_FILE = "KKH appUITests/Info.plist";
				LD_RUNPATH_SEARCH_PATHS = "$(inherited) @executable_path/Frameworks @loader_path/Frameworks";
				PRODUCT_BUNDLE_IDENTIFIER = "com.seanlim.KKH-appUITests";
				PRODUCT_NAME = "$(TARGET_NAME)";
				TEST_TARGET_NAME = "KKH app";
			};
			name = Release;
		};
/* End XCBuildConfiguration section */

/* Begin XCConfigurationList section */
		976EFB1A1D01C28B0048A4DC /* Build configuration list for PBXProject "KKH app" */ = {
			isa = XCConfigurationList;
			buildConfigurations = (
				976EFB3F1D01C28B0048A4DC /* Debug */,
				976EFB401D01C28B0048A4DC /* Release */,
			);
			defaultConfigurationIsVisible = 0;
			defaultConfigurationName = Release;
		};
		976EFB411D01C28B0048A4DC /* Build configuration list for PBXNativeTarget "KKH app" */ = {
			isa = XCConfigurationList;
			buildConfigurations = (
				976EFB421D01C28B0048A4DC /* Debug */,
				976EFB431D01C28B0048A4DC /* Release */,
			);
			defaultConfigurationIsVisible = 0;
			defaultConfigurationName = Release;
		};
		976EFB441D01C28B0048A4DC /* Build configuration list for PBXNativeTarget "KKH appUITests" */ = {
			isa = XCConfigurationList;
			buildConfigurations = (
				976EFB451D01C28B0048A4DC /* Debug */,
				976EFB461D01C28B0048A4DC /* Release */,
			);
			defaultConfigurationIsVisible = 0;
			defaultConfigurationName = Release;
		};
/* End XCConfigurationList section */
	};
	rootObject = 976EFB171D01C28B0048A4DC /* Project object */;
}
